// !$*UTF8*$!
{
	archiveVersion = 1;
	classes = {
	};
	objectVersion = 46;
	objects = {

/* Begin PBXBuildFile section */
		9DDD6CEF9DE80ED9DE2ACF39 /* Pods_OnTheMap.framework in Frameworks */ = {isa = PBXBuildFile; fileRef = C184482DEB0F0C7AC3D80E36 /* Pods_OnTheMap.framework */; };
		EE1731C51DF7C2C700978508 /* Convenience - Color.swift in Sources */ = {isa = PBXBuildFile; fileRef = EE1731C41DF7C2C700978508 /* Convenience - Color.swift */; };
		EE1731C91DF7D28000978508 /* UIStackView+Separator.m in Sources */ = {isa = PBXBuildFile; fileRef = EE1731C81DF7D28000978508 /* UIStackView+Separator.m */; };
		EE1731CC1DF7EBF000978508 /* ViewConstants.swift in Sources */ = {isa = PBXBuildFile; fileRef = EE1731CB1DF7EBF000978508 /* ViewConstants.swift */; };
		EE1731D11DF832B500978508 /* MapViewController.swift in Sources */ = {isa = PBXBuildFile; fileRef = EE1731D01DF832B500978508 /* MapViewController.swift */; };
		EE1731D31DF832CD00978508 /* ListViewController.swift in Sources */ = {isa = PBXBuildFile; fileRef = EE1731D21DF832CD00978508 /* ListViewController.swift */; };
		EE1731DC1DF868AA00978508 /* OTMNavigationItem.swift in Sources */ = {isa = PBXBuildFile; fileRef = EE1731DB1DF868AA00978508 /* OTMNavigationItem.swift */; };
		EE1731E11DF874EB00978508 /* Convenience - BarButtonItem.swift in Sources */ = {isa = PBXBuildFile; fileRef = EE1731E01DF874EB00978508 /* Convenience - BarButtonItem.swift */; };
		EE1731E41DF92A4100978508 /* OTMNavigationItemDelegate.swift in Sources */ = {isa = PBXBuildFile; fileRef = EE1731E31DF92A4100978508 /* OTMNavigationItemDelegate.swift */; };
		EE1731E61DF92E4400978508 /* OTMNavigationItemController.swift in Sources */ = {isa = PBXBuildFile; fileRef = EE1731E51DF92E4400978508 /* OTMNavigationItemController.swift */; };
		EE1732261DFA78DF00978508 /* OTMNavigationItemControllerProtocol.swift in Sources */ = {isa = PBXBuildFile; fileRef = EE1732251DFA78DF00978508 /* OTMNavigationItemControllerProtocol.swift */; };
		EE17322D1DFADA4700978508 /* OTMMapViewAnnotation.swift in Sources */ = {isa = PBXBuildFile; fileRef = EE17322C1DFADA4700978508 /* OTMMapViewAnnotation.swift */; };
		EE17322F1DFBC21C00978508 /* Convenience - Array.swift in Sources */ = {isa = PBXBuildFile; fileRef = EE17322E1DFBC21C00978508 /* Convenience - Array.swift */; };
		EE1732351DFBE4FC00978508 /* Random - MKMapView.swift in Sources */ = {isa = PBXBuildFile; fileRef = EE1732341DFBE4FC00978508 /* Random - MKMapView.swift */; };
		EE1732381DFBF93400978508 /* Random - Basic.swift in Sources */ = {isa = PBXBuildFile; fileRef = EE1732371DFBF93400978508 /* Random - Basic.swift */; };
		EE17323E1DFC1B0F00978508 /* Random - CG.swift in Sources */ = {isa = PBXBuildFile; fileRef = EE17323D1DFC1B0F00978508 /* Random - CG.swift */; };
		EE204F9F1DF6E05400D855BA /* AppDelegate.swift in Sources */ = {isa = PBXBuildFile; fileRef = EE204F9E1DF6E05400D855BA /* AppDelegate.swift */; };
		EE204FA11DF6E05400D855BA /* LoginViewController.swift in Sources */ = {isa = PBXBuildFile; fileRef = EE204FA01DF6E05400D855BA /* LoginViewController.swift */; };
		EE204FA41DF6E05400D855BA /* Main.storyboard in Resources */ = {isa = PBXBuildFile; fileRef = EE204FA21DF6E05400D855BA /* Main.storyboard */; };
		EE204FA61DF6E05400D855BA /* Assets.xcassets in Resources */ = {isa = PBXBuildFile; fileRef = EE204FA51DF6E05400D855BA /* Assets.xcassets */; };
		EE204FA91DF6E05400D855BA /* LaunchScreen.storyboard in Resources */ = {isa = PBXBuildFile; fileRef = EE204FA71DF6E05400D855BA /* LaunchScreen.storyboard */; };
		EE209F011DFD7FE100C82F5C /* ArrayTableViewDataSource.swift in Sources */ = {isa = PBXBuildFile; fileRef = EE209F001DFD7FE100C82F5C /* ArrayTableViewDataSource.swift */; };
		EE209F031DFEC77B00C82F5C /* InformationPostingViewController.swift in Sources */ = {isa = PBXBuildFile; fileRef = EE209F021DFEC77B00C82F5C /* InformationPostingViewController.swift */; };
		EE7EEE521E019B4B007522A4 /* Convenience - CALayer.swift in Sources */ = {isa = PBXBuildFile; fileRef = EE7EEE511E019B4B007522A4 /* Convenience - CALayer.swift */; };
		EEB827961E02B21600880D62 /* Convenience - String.swift in Sources */ = {isa = PBXBuildFile; fileRef = EEB827951E02B21600880D62 /* Convenience - String.swift */; };
		EEB828181E04105700880D62 /* OrderedViewsRespondToReturnKey.swift in Sources */ = {isa = PBXBuildFile; fileRef = EEB828171E04105700880D62 /* OrderedViewsRespondToReturnKey.swift */; };
		EEB8281B1E0412AF00880D62 /* TextField.swift in Sources */ = {isa = PBXBuildFile; fileRef = EEB8281A1E0412AF00880D62 /* TextField.swift */; };
		EECE75B51E0561C300176B36 /* UIView - Fadeable.swift in Sources */ = {isa = PBXBuildFile; fileRef = EECE75B41E0561C300176B36 /* UIView - Fadeable.swift */; };
		EEEC91E51E07F1A700884D72 /* CustomActivityIndicatorView.swift in Sources */ = {isa = PBXBuildFile; fileRef = EEEC91E41E07F1A700884D72 /* CustomActivityIndicatorView.swift */; };
/* End PBXBuildFile section */

/* Begin PBXCopyFilesBuildPhase section */
		EEB827671E0293BD00880D62 /* Embed Frameworks */ = {
			isa = PBXCopyFilesBuildPhase;
			buildActionMask = 2147483647;
			dstPath = "";
			dstSubfolderSpec = 10;
			files = (
			);
			name = "Embed Frameworks";
			runOnlyForDeploymentPostprocessing = 0;
		};
/* End PBXCopyFilesBuildPhase section */

/* Begin PBXFileReference section */
		6F678FA332AE796610D8A119 /* Pods-OnTheMapTests.debug.xcconfig */ = {isa = PBXFileReference; includeInIndex = 1; lastKnownFileType = text.xcconfig; name = "Pods-OnTheMapTests.debug.xcconfig"; path = "Pods/Target Support Files/Pods-OnTheMapTests/Pods-OnTheMapTests.debug.xcconfig"; sourceTree = "<group>"; };
		81E66F77E5F36D50FEB0A6BD /* Pods-OnTheMap.release.xcconfig */ = {isa = PBXFileReference; includeInIndex = 1; lastKnownFileType = text.xcconfig; name = "Pods-OnTheMap.release.xcconfig"; path = "Pods/Target Support Files/Pods-OnTheMap/Pods-OnTheMap.release.xcconfig"; sourceTree = "<group>"; };
		846FCB54C5CA4F30414C870B /* Pods-OnTheMapTests.release.xcconfig */ = {isa = PBXFileReference; includeInIndex = 1; lastKnownFileType = text.xcconfig; name = "Pods-OnTheMapTests.release.xcconfig"; path = "Pods/Target Support Files/Pods-OnTheMapTests/Pods-OnTheMapTests.release.xcconfig"; sourceTree = "<group>"; };
		C184482DEB0F0C7AC3D80E36 /* Pods_OnTheMap.framework */ = {isa = PBXFileReference; explicitFileType = wrapper.framework; includeInIndex = 0; path = Pods_OnTheMap.framework; sourceTree = BUILT_PRODUCTS_DIR; };
		C72C8E98F00F1AE33F1A50CE /* Pods_OnTheMapUITests.framework */ = {isa = PBXFileReference; explicitFileType = wrapper.framework; includeInIndex = 0; path = Pods_OnTheMapUITests.framework; sourceTree = BUILT_PRODUCTS_DIR; };
		ED1B872F79E845844E97DAA7 /* Pods-OnTheMap.debug.xcconfig */ = {isa = PBXFileReference; includeInIndex = 1; lastKnownFileType = text.xcconfig; name = "Pods-OnTheMap.debug.xcconfig"; path = "Pods/Target Support Files/Pods-OnTheMap/Pods-OnTheMap.debug.xcconfig"; sourceTree = "<group>"; };
		EE1731C41DF7C2C700978508 /* Convenience - Color.swift */ = {isa = PBXFileReference; fileEncoding = 4; lastKnownFileType = sourcecode.swift; path = "Convenience - Color.swift"; sourceTree = "<group>"; };
		EE1731C61DF7D27F00978508 /* OnTheMap-Bridging-Header.h */ = {isa = PBXFileReference; lastKnownFileType = sourcecode.c.h; path = "OnTheMap-Bridging-Header.h"; sourceTree = "<group>"; };
		EE1731C71DF7D28000978508 /* UIStackView+Separator.h */ = {isa = PBXFileReference; fileEncoding = 4; lastKnownFileType = sourcecode.c.h; path = "UIStackView+Separator.h"; sourceTree = "<group>"; };
		EE1731C81DF7D28000978508 /* UIStackView+Separator.m */ = {isa = PBXFileReference; fileEncoding = 4; lastKnownFileType = sourcecode.c.objc; path = "UIStackView+Separator.m"; sourceTree = "<group>"; };
		EE1731CB1DF7EBF000978508 /* ViewConstants.swift */ = {isa = PBXFileReference; fileEncoding = 4; lastKnownFileType = sourcecode.swift; path = ViewConstants.swift; sourceTree = "<group>"; };
		EE1731D01DF832B500978508 /* MapViewController.swift */ = {isa = PBXFileReference; fileEncoding = 4; lastKnownFileType = sourcecode.swift; path = MapViewController.swift; sourceTree = "<group>"; };
		EE1731D21DF832CD00978508 /* ListViewController.swift */ = {isa = PBXFileReference; fileEncoding = 4; lastKnownFileType = sourcecode.swift; path = ListViewController.swift; sourceTree = "<group>"; };
		EE1731DB1DF868AA00978508 /* OTMNavigationItem.swift */ = {isa = PBXFileReference; fileEncoding = 4; lastKnownFileType = sourcecode.swift; path = OTMNavigationItem.swift; sourceTree = "<group>"; };
		EE1731E01DF874EB00978508 /* Convenience - BarButtonItem.swift */ = {isa = PBXFileReference; fileEncoding = 4; lastKnownFileType = sourcecode.swift; path = "Convenience - BarButtonItem.swift"; sourceTree = "<group>"; };
		EE1731E31DF92A4100978508 /* OTMNavigationItemDelegate.swift */ = {isa = PBXFileReference; fileEncoding = 4; lastKnownFileType = sourcecode.swift; path = OTMNavigationItemDelegate.swift; sourceTree = "<group>"; };
		EE1731E51DF92E4400978508 /* OTMNavigationItemController.swift */ = {isa = PBXFileReference; fileEncoding = 4; lastKnownFileType = sourcecode.swift; path = OTMNavigationItemController.swift; sourceTree = "<group>"; };
		EE1732251DFA78DF00978508 /* OTMNavigationItemControllerProtocol.swift */ = {isa = PBXFileReference; fileEncoding = 4; lastKnownFileType = sourcecode.swift; path = OTMNavigationItemControllerProtocol.swift; sourceTree = "<group>"; };
		EE17322C1DFADA4700978508 /* OTMMapViewAnnotation.swift */ = {isa = PBXFileReference; fileEncoding = 4; lastKnownFileType = sourcecode.swift; path = OTMMapViewAnnotation.swift; sourceTree = "<group>"; };
		EE17322E1DFBC21C00978508 /* Convenience - Array.swift */ = {isa = PBXFileReference; fileEncoding = 4; lastKnownFileType = sourcecode.swift; path = "Convenience - Array.swift"; sourceTree = "<group>"; };
		EE1732341DFBE4FC00978508 /* Random - MKMapView.swift */ = {isa = PBXFileReference; fileEncoding = 4; lastKnownFileType = sourcecode.swift; path = "Random - MKMapView.swift"; sourceTree = "<group>"; };
		EE1732371DFBF93400978508 /* Random - Basic.swift */ = {isa = PBXFileReference; fileEncoding = 4; lastKnownFileType = sourcecode.swift; path = "Random - Basic.swift"; sourceTree = "<group>"; };
		EE17323D1DFC1B0F00978508 /* Random - CG.swift */ = {isa = PBXFileReference; fileEncoding = 4; lastKnownFileType = sourcecode.swift; path = "Random - CG.swift"; sourceTree = "<group>"; };
		EE204F9B1DF6E05400D855BA /* OnTheMap.app */ = {isa = PBXFileReference; explicitFileType = wrapper.application; includeInIndex = 0; path = OnTheMap.app; sourceTree = BUILT_PRODUCTS_DIR; };
		EE204F9E1DF6E05400D855BA /* AppDelegate.swift */ = {isa = PBXFileReference; lastKnownFileType = sourcecode.swift; path = AppDelegate.swift; sourceTree = "<group>"; };
		EE204FA01DF6E05400D855BA /* LoginViewController.swift */ = {isa = PBXFileReference; lastKnownFileType = sourcecode.swift; path = LoginViewController.swift; sourceTree = "<group>"; };
		EE204FA31DF6E05400D855BA /* Base */ = {isa = PBXFileReference; lastKnownFileType = file.storyboard; name = Base; path = Base.lproj/Main.storyboard; sourceTree = "<group>"; };
		EE204FA51DF6E05400D855BA /* Assets.xcassets */ = {isa = PBXFileReference; lastKnownFileType = folder.assetcatalog; path = Assets.xcassets; sourceTree = "<group>"; };
		EE204FA81DF6E05400D855BA /* Base */ = {isa = PBXFileReference; lastKnownFileType = file.storyboard; name = Base; path = Base.lproj/LaunchScreen.storyboard; sourceTree = "<group>"; };
		EE204FAA1DF6E05400D855BA /* Info.plist */ = {isa = PBXFileReference; lastKnownFileType = text.plist.xml; path = Info.plist; sourceTree = "<group>"; };
		EE209F001DFD7FE100C82F5C /* ArrayTableViewDataSource.swift */ = {isa = PBXFileReference; fileEncoding = 4; lastKnownFileType = sourcecode.swift; path = ArrayTableViewDataSource.swift; sourceTree = "<group>"; };
		EE209F021DFEC77B00C82F5C /* InformationPostingViewController.swift */ = {isa = PBXFileReference; fileEncoding = 4; lastKnownFileType = sourcecode.swift; path = InformationPostingViewController.swift; sourceTree = "<group>"; };
		EE7EEE511E019B4B007522A4 /* Convenience - CALayer.swift */ = {isa = PBXFileReference; fileEncoding = 4; lastKnownFileType = sourcecode.swift; path = "Convenience - CALayer.swift"; sourceTree = "<group>"; };
		EEB827951E02B21600880D62 /* Convenience - String.swift */ = {isa = PBXFileReference; fileEncoding = 4; lastKnownFileType = sourcecode.swift; path = "Convenience - String.swift"; sourceTree = "<group>"; };
		EEB828171E04105700880D62 /* OrderedViewsRespondToReturnKey.swift */ = {isa = PBXFileReference; fileEncoding = 4; lastKnownFileType = sourcecode.swift; path = OrderedViewsRespondToReturnKey.swift; sourceTree = "<group>"; };
		EEB8281A1E0412AF00880D62 /* TextField.swift */ = {isa = PBXFileReference; fileEncoding = 4; lastKnownFileType = sourcecode.swift; path = TextField.swift; sourceTree = "<group>"; };
		EECE75B41E0561C300176B36 /* UIView - Fadeable.swift */ = {isa = PBXFileReference; fileEncoding = 4; lastKnownFileType = sourcecode.swift; path = "UIView - Fadeable.swift"; sourceTree = "<group>"; };
		EEEC91E41E07F1A700884D72 /* CustomActivityIndicatorView.swift */ = {isa = PBXFileReference; fileEncoding = 4; lastKnownFileType = sourcecode.swift; path = CustomActivityIndicatorView.swift; sourceTree = "<group>"; };
		F91037634ADC71122243C740 /* Pods_OnTheMapTests.framework */ = {isa = PBXFileReference; explicitFileType = wrapper.framework; includeInIndex = 0; path = Pods_OnTheMapTests.framework; sourceTree = BUILT_PRODUCTS_DIR; };
		FA08DB472FAA92F223D24C30 /* Pods-OnTheMapUITests.debug.xcconfig */ = {isa = PBXFileReference; includeInIndex = 1; lastKnownFileType = text.xcconfig; name = "Pods-OnTheMapUITests.debug.xcconfig"; path = "Pods/Target Support Files/Pods-OnTheMapUITests/Pods-OnTheMapUITests.debug.xcconfig"; sourceTree = "<group>"; };
		FA2A24FFF9FFD1A6FA3BA72A /* Pods-OnTheMapUITests.release.xcconfig */ = {isa = PBXFileReference; includeInIndex = 1; lastKnownFileType = text.xcconfig; name = "Pods-OnTheMapUITests.release.xcconfig"; path = "Pods/Target Support Files/Pods-OnTheMapUITests/Pods-OnTheMapUITests.release.xcconfig"; sourceTree = "<group>"; };
/* End PBXFileReference section */

/* Begin PBXFrameworksBuildPhase section */
		EE204F981DF6E05400D855BA /* Frameworks */ = {
			isa = PBXFrameworksBuildPhase;
			buildActionMask = 2147483647;
			files = (
				9DDD6CEF9DE80ED9DE2ACF39 /* Pods_OnTheMap.framework in Frameworks */,
			);
			runOnlyForDeploymentPostprocessing = 0;
		};
/* End PBXFrameworksBuildPhase section */

/* Begin PBXGroup section */
		B5364068192FE82AEA2DAD97 /* Pods */ = {
			isa = PBXGroup;
			children = (
				ED1B872F79E845844E97DAA7 /* Pods-OnTheMap.debug.xcconfig */,
				81E66F77E5F36D50FEB0A6BD /* Pods-OnTheMap.release.xcconfig */,
				6F678FA332AE796610D8A119 /* Pods-OnTheMapTests.debug.xcconfig */,
				846FCB54C5CA4F30414C870B /* Pods-OnTheMapTests.release.xcconfig */,
				FA08DB472FAA92F223D24C30 /* Pods-OnTheMapUITests.debug.xcconfig */,
				FA2A24FFF9FFD1A6FA3BA72A /* Pods-OnTheMapUITests.release.xcconfig */,
			);
			name = Pods;
			sourceTree = "<group>";
		};
		C0FC671B2103CF61950F4EC0 /* Frameworks */ = {
			isa = PBXGroup;
			children = (
				C184482DEB0F0C7AC3D80E36 /* Pods_OnTheMap.framework */,
				F91037634ADC71122243C740 /* Pods_OnTheMapTests.framework */,
				C72C8E98F00F1AE33F1A50CE /* Pods_OnTheMapUITests.framework */,
			);
			name = Frameworks;
			sourceTree = "<group>";
		};
		EE1731C21DF7C28E00978508 /* Classes */ = {
			isa = PBXGroup;
			children = (
				EE1731CE1DF7EEA000978508 /* Models */,
				EE1731CF1DF7EEAB00978508 /* Views */,
				EE1731CD1DF7EE8800978508 /* Controllers */,
				EE204F9E1DF6E05400D855BA /* AppDelegate.swift */,
				EE1731C61DF7D27F00978508 /* OnTheMap-Bridging-Header.h */,
				EE1731CB1DF7EBF000978508 /* ViewConstants.swift */,
			);
			name = Classes;
			sourceTree = "<group>";
		};
		EE1731CA1DF7D61000978508 /* CVStackViewSeparator */ = {
			isa = PBXGroup;
			children = (
				EE1731C71DF7D28000978508 /* UIStackView+Separator.h */,
				EE1731C81DF7D28000978508 /* UIStackView+Separator.m */,
			);
			name = CVStackViewSeparator;
			sourceTree = "<group>";
		};
		EE1731CD1DF7EE8800978508 /* Controllers */ = {
			isa = PBXGroup;
			children = (
				EE204FA01DF6E05400D855BA /* LoginViewController.swift */,
				EE1731D01DF832B500978508 /* MapViewController.swift */,
				EE1731D21DF832CD00978508 /* ListViewController.swift */,
				EE1731E51DF92E4400978508 /* OTMNavigationItemController.swift */,
				EE1732251DFA78DF00978508 /* OTMNavigationItemControllerProtocol.swift */,
				EE209F021DFEC77B00C82F5C /* InformationPostingViewController.swift */,
			);
			name = Controllers;
			sourceTree = "<group>";
		};
		EE1731CE1DF7EEA000978508 /* Models */ = {
			isa = PBXGroup;
			children = (
			);
			name = Models;
			sourceTree = "<group>";
		};
		EE1731CF1DF7EEAB00978508 /* Views */ = {
			isa = PBXGroup;
			children = (
				EE1731DB1DF868AA00978508 /* OTMNavigationItem.swift */,
				EE1731E31DF92A4100978508 /* OTMNavigationItemDelegate.swift */,
				EE17322C1DFADA4700978508 /* OTMMapViewAnnotation.swift */,
			);
			name = Views;
			sourceTree = "<group>";
		};
		EE1731D61DF859ED00978508 /* Assets */ = {
			isa = PBXGroup;
			children = (
				EE204FA21DF6E05400D855BA /* Main.storyboard */,
				EE204FA51DF6E05400D855BA /* Assets.xcassets */,
				EE204FA71DF6E05400D855BA /* LaunchScreen.storyboard */,
			);
			name = Assets;
			sourceTree = "<group>";
		};
		EE1731DD1DF873F200978508 /* Reusable */ = {
			isa = PBXGroup;
			children = (
				EEB828191E04129500880D62 /* Custom Views */,
				EEB8280B1E040A1500880D62 /* Protocols & Extensions */,
				EE1732361DFBE75900978508 /* Utilities */,
				EE1732321DFBE15B00978508 /* Testing */,
				EE1731E21DF8777400978508 /* Convenience Extensions */,
				EE1731CA1DF7D61000978508 /* CVStackViewSeparator */,
			);
			name = Reusable;
			sourceTree = "<group>";
		};
		EE1731E21DF8777400978508 /* Convenience Extensions */ = {
			isa = PBXGroup;
			children = (
				EE1731C41DF7C2C700978508 /* Convenience - Color.swift */,
				EE1731E01DF874EB00978508 /* Convenience - BarButtonItem.swift */,
				EE17322E1DFBC21C00978508 /* Convenience - Array.swift */,
				EE7EEE511E019B4B007522A4 /* Convenience - CALayer.swift */,
				EEB827951E02B21600880D62 /* Convenience - String.swift */,
			);
			name = "Convenience Extensions";
			sourceTree = "<group>";
		};
		EE1732321DFBE15B00978508 /* Testing */ = {
			isa = PBXGroup;
			children = (
				EE1732331DFBE4CC00978508 /* Random */,
			);
			name = Testing;
			sourceTree = "<group>";
		};
		EE1732331DFBE4CC00978508 /* Random */ = {
			isa = PBXGroup;
			children = (
				EE1732341DFBE4FC00978508 /* Random - MKMapView.swift */,
			);
			name = Random;
			sourceTree = "<group>";
		};
		EE1732361DFBE75900978508 /* Utilities */ = {
			isa = PBXGroup;
			children = (
				EE1732371DFBF93400978508 /* Random - Basic.swift */,
				EE17323D1DFC1B0F00978508 /* Random - CG.swift */,
			);
			name = Utilities;
			sourceTree = "<group>";
		};
		EE204F921DF6E05400D855BA = {
			isa = PBXGroup;
			children = (
				EE204F9D1DF6E05400D855BA /* OnTheMap */,
				EE204F9C1DF6E05400D855BA /* Products */,
				B5364068192FE82AEA2DAD97 /* Pods */,
				C0FC671B2103CF61950F4EC0 /* Frameworks */,
			);
			sourceTree = "<group>";
		};
		EE204F9C1DF6E05400D855BA /* Products */ = {
			isa = PBXGroup;
			children = (
				EE204F9B1DF6E05400D855BA /* OnTheMap.app */,
			);
			name = Products;
			sourceTree = "<group>";
		};
		EE204F9D1DF6E05400D855BA /* OnTheMap */ = {
			isa = PBXGroup;
			children = (
				EE1731DD1DF873F200978508 /* Reusable */,
				EE1731C21DF7C28E00978508 /* Classes */,
				EE1731D61DF859ED00978508 /* Assets */,
				EE204FAA1DF6E05400D855BA /* Info.plist */,
			);
			path = OnTheMap;
			sourceTree = "<group>";
		};
		EEB8280B1E040A1500880D62 /* Protocols & Extensions */ = {
			isa = PBXGroup;
			children = (
				EE209F001DFD7FE100C82F5C /* ArrayTableViewDataSource.swift */,
				EEB828171E04105700880D62 /* OrderedViewsRespondToReturnKey.swift */,
				EECE75B41E0561C300176B36 /* UIView - Fadeable.swift */,
			);
			name = "Protocols & Extensions";
			sourceTree = "<group>";
		};
		EEB828191E04129500880D62 /* Custom Views */ = {
			isa = PBXGroup;
			children = (
				EEEC91E41E07F1A700884D72 /* CustomActivityIndicatorView.swift */,
				EEB8281A1E0412AF00880D62 /* TextField.swift */,
			);
			name = "Custom Views";
			sourceTree = "<group>";
		};
/* End PBXGroup section */

/* Begin PBXNativeTarget section */
		EE204F9A1DF6E05400D855BA /* OnTheMap */ = {
			isa = PBXNativeTarget;
			buildConfigurationList = EE204FC31DF6E05500D855BA /* Build configuration list for PBXNativeTarget "OnTheMap" */;
			buildPhases = (
				13B643F5F8FEA840394B74FA /* [CP] Check Pods Manifest.lock */,
				EE204F971DF6E05400D855BA /* Sources */,
				EE204F981DF6E05400D855BA /* Frameworks */,
				EE204F991DF6E05400D855BA /* Resources */,
				F8BA262CAC03B75894D61C98 /* [CP] Embed Pods Frameworks */,
				0E9A2027E131FF40DE4CD2C3 /* [CP] Copy Pods Resources */,
				EEB827671E0293BD00880D62 /* Embed Frameworks */,
			);
			buildRules = (
			);
			dependencies = (
			);
			name = OnTheMap;
			productName = OnTheMap;
			productReference = EE204F9B1DF6E05400D855BA /* OnTheMap.app */;
			productType = "com.apple.product-type.application";
		};
/* End PBXNativeTarget section */

/* Begin PBXProject section */
		EE204F931DF6E05400D855BA /* Project object */ = {
			isa = PBXProject;
			attributes = {
				LastSwiftUpdateCheck = 0820;
				LastUpgradeCheck = 0820;
				ORGANIZATIONNAME = "Shobhit Gupta";
				TargetAttributes = {
					EE204F9A1DF6E05400D855BA = {
						CreatedOnToolsVersion = 8.1;
						DevelopmentTeam = AR27PDZ76S;
						LastSwiftMigration = 0810;
						ProvisioningStyle = Automatic;
					};
				};
			};
			buildConfigurationList = EE204F961DF6E05400D855BA /* Build configuration list for PBXProject "OnTheMap" */;
			compatibilityVersion = "Xcode 3.2";
			developmentRegion = English;
			hasScannedForEncodings = 0;
			knownRegions = (
				en,
				Base,
			);
			mainGroup = EE204F921DF6E05400D855BA;
			productRefGroup = EE204F9C1DF6E05400D855BA /* Products */;
			projectDirPath = "";
			projectRoot = "";
			targets = (
				EE204F9A1DF6E05400D855BA /* OnTheMap */,
			);
		};
/* End PBXProject section */

/* Begin PBXResourcesBuildPhase section */
		EE204F991DF6E05400D855BA /* Resources */ = {
			isa = PBXResourcesBuildPhase;
			buildActionMask = 2147483647;
			files = (
				EE204FA91DF6E05400D855BA /* LaunchScreen.storyboard in Resources */,
				EE204FA61DF6E05400D855BA /* Assets.xcassets in Resources */,
				EE204FA41DF6E05400D855BA /* Main.storyboard in Resources */,
			);
			runOnlyForDeploymentPostprocessing = 0;
		};
/* End PBXResourcesBuildPhase section */

/* Begin PBXShellScriptBuildPhase section */
		0E9A2027E131FF40DE4CD2C3 /* [CP] Copy Pods Resources */ = {
			isa = PBXShellScriptBuildPhase;
			buildActionMask = 2147483647;
			files = (
			);
			inputPaths = (
			);
			name = "[CP] Copy Pods Resources";
			outputPaths = (
			);
			runOnlyForDeploymentPostprocessing = 0;
			shellPath = /bin/sh;
			shellScript = "\"${SRCROOT}/Pods/Target Support Files/Pods-OnTheMap/Pods-OnTheMap-resources.sh\"\n";
			showEnvVarsInLog = 0;
		};
		13B643F5F8FEA840394B74FA /* [CP] Check Pods Manifest.lock */ = {
			isa = PBXShellScriptBuildPhase;
			buildActionMask = 2147483647;
			files = (
			);
			inputPaths = (
			);
			name = "[CP] Check Pods Manifest.lock";
			outputPaths = (
			);
			runOnlyForDeploymentPostprocessing = 0;
			shellPath = /bin/sh;
			shellScript = "diff \"${PODS_ROOT}/../Podfile.lock\" \"${PODS_ROOT}/Manifest.lock\" > /dev/null\nif [ $? != 0 ] ; then\n    # print error to STDERR\n    echo \"error: The sandbox is not in sync with the Podfile.lock. Run 'pod install' or update your CocoaPods installation.\" >&2\n    exit 1\nfi\n";
			showEnvVarsInLog = 0;
		};
		F8BA262CAC03B75894D61C98 /* [CP] Embed Pods Frameworks */ = {
			isa = PBXShellScriptBuildPhase;
			buildActionMask = 2147483647;
			files = (
			);
			inputPaths = (
			);
			name = "[CP] Embed Pods Frameworks";
			outputPaths = (
			);
			runOnlyForDeploymentPostprocessing = 0;
			shellPath = /bin/sh;
			shellScript = "\"${SRCROOT}/Pods/Target Support Files/Pods-OnTheMap/Pods-OnTheMap-frameworks.sh\"\n";
			showEnvVarsInLog = 0;
		};
/* End PBXShellScriptBuildPhase section */

/* Begin PBXSourcesBuildPhase section */
		EE204F971DF6E05400D855BA /* Sources */ = {
			isa = PBXSourcesBuildPhase;
			buildActionMask = 2147483647;
			files = (
				EE1731CC1DF7EBF000978508 /* ViewConstants.swift in Sources */,
				EE1732351DFBE4FC00978508 /* Random - MKMapView.swift in Sources */,
				EEB8281B1E0412AF00880D62 /* TextField.swift in Sources */,
				EE17322D1DFADA4700978508 /* OTMMapViewAnnotation.swift in Sources */,
				EEB828181E04105700880D62 /* OrderedViewsRespondToReturnKey.swift in Sources */,
				EECE75B51E0561C300176B36 /* UIView - Fadeable.swift in Sources */,
				EE209F031DFEC77B00C82F5C /* InformationPostingViewController.swift in Sources */,
				EE1731D11DF832B500978508 /* MapViewController.swift in Sources */,
				EE17322F1DFBC21C00978508 /* Convenience - Array.swift in Sources */,
				EE1731E11DF874EB00978508 /* Convenience - BarButtonItem.swift in Sources */,
				EE1731E41DF92A4100978508 /* OTMNavigationItemDelegate.swift in Sources */,
				EE204FA11DF6E05400D855BA /* LoginViewController.swift in Sources */,
				EE1731DC1DF868AA00978508 /* OTMNavigationItem.swift in Sources */,
				EEB827961E02B21600880D62 /* Convenience - String.swift in Sources */,
				EE1732381DFBF93400978508 /* Random - Basic.swift in Sources */,
				EE1731C91DF7D28000978508 /* UIStackView+Separator.m in Sources */,
				EE1731E61DF92E4400978508 /* OTMNavigationItemController.swift in Sources */,
				EE7EEE521E019B4B007522A4 /* Convenience - CALayer.swift in Sources */,
				EEEC91E51E07F1A700884D72 /* CustomActivityIndicatorView.swift in Sources */,
				EE17323E1DFC1B0F00978508 /* Random - CG.swift in Sources */,
				EE1731C51DF7C2C700978508 /* Convenience - Color.swift in Sources */,
				EE1732261DFA78DF00978508 /* OTMNavigationItemControllerProtocol.swift in Sources */,
				EE204F9F1DF6E05400D855BA /* AppDelegate.swift in Sources */,
				EE209F011DFD7FE100C82F5C /* ArrayTableViewDataSource.swift in Sources */,
				EE1731D31DF832CD00978508 /* ListViewController.swift in Sources */,
			);
			runOnlyForDeploymentPostprocessing = 0;
		};
/* End PBXSourcesBuildPhase section */

/* Begin PBXVariantGroup section */
		EE204FA21DF6E05400D855BA /* Main.storyboard */ = {
			isa = PBXVariantGroup;
			children = (
				EE204FA31DF6E05400D855BA /* Base */,
			);
			name = Main.storyboard;
			sourceTree = "<group>";
		};
		EE204FA71DF6E05400D855BA /* LaunchScreen.storyboard */ = {
			isa = PBXVariantGroup;
			children = (
				EE204FA81DF6E05400D855BA /* Base */,
			);
			name = LaunchScreen.storyboard;
			sourceTree = "<group>";
		};
/* End PBXVariantGroup section */

/* Begin XCBuildConfiguration section */
		EE204FC11DF6E05500D855BA /* Debug */ = {
			isa = XCBuildConfiguration;
			buildSettings = {
				ALWAYS_SEARCH_USER_PATHS = NO;
				CLANG_ANALYZER_NONNULL = YES;
				CLANG_CXX_LANGUAGE_STANDARD = "gnu++0x";
				CLANG_CXX_LIBRARY = "libc++";
				CLANG_ENABLE_MODULES = YES;
				CLANG_ENABLE_OBJC_ARC = YES;
				CLANG_WARN_BOOL_CONVERSION = YES;
				CLANG_WARN_CONSTANT_CONVERSION = YES;
				CLANG_WARN_DIRECT_OBJC_ISA_USAGE = YES_ERROR;
				CLANG_WARN_DOCUMENTATION_COMMENTS = YES;
				CLANG_WARN_EMPTY_BODY = YES;
				CLANG_WARN_ENUM_CONVERSION = YES;
				CLANG_WARN_INFINITE_RECURSION = YES;
				CLANG_WARN_INT_CONVERSION = YES;
				CLANG_WARN_OBJC_ROOT_CLASS = YES_ERROR;
				CLANG_WARN_SUSPICIOUS_MOVE = YES;
				CLANG_WARN_SUSPICIOUS_MOVES = YES;
				CLANG_WARN_UNREACHABLE_CODE = YES;
				CLANG_WARN__DUPLICATE_METHOD_MATCH = YES;
				"CODE_SIGN_IDENTITY[sdk=iphoneos*]" = "iPhone Developer";
				COPY_PHASE_STRIP = NO;
				DEBUG_INFORMATION_FORMAT = dwarf;
				ENABLE_STRICT_OBJC_MSGSEND = YES;
				ENABLE_TESTABILITY = YES;
				GCC_C_LANGUAGE_STANDARD = gnu99;
				GCC_DYNAMIC_NO_PIC = NO;
				GCC_NO_COMMON_BLOCKS = YES;
				GCC_OPTIMIZATION_LEVEL = 0;
				GCC_PREPROCESSOR_DEFINITIONS = (
					"DEBUG=1",
					"$(inherited)",
				);
				GCC_WARN_64_TO_32_BIT_CONVERSION = YES;
				GCC_WARN_ABOUT_RETURN_TYPE = YES_ERROR;
				GCC_WARN_UNDECLARED_SELECTOR = YES;
				GCC_WARN_UNINITIALIZED_AUTOS = YES_AGGRESSIVE;
				GCC_WARN_UNUSED_FUNCTION = YES;
				GCC_WARN_UNUSED_VARIABLE = YES;
				IPHONEOS_DEPLOYMENT_TARGET = 10.1;
				MTL_ENABLE_DEBUG_INFO = YES;
				ONLY_ACTIVE_ARCH = YES;
				SDKROOT = iphoneos;
				SWIFT_ACTIVE_COMPILATION_CONDITIONS = DEBUG;
				SWIFT_OPTIMIZATION_LEVEL = "-Onone";
				TARGETED_DEVICE_FAMILY = "1,2";
			};
			name = Debug;
		};
		EE204FC21DF6E05500D855BA /* Release */ = {
			isa = XCBuildConfiguration;
			buildSettings = {
				ALWAYS_SEARCH_USER_PATHS = NO;
				CLANG_ANALYZER_NONNULL = YES;
				CLANG_CXX_LANGUAGE_STANDARD = "gnu++0x";
				CLANG_CXX_LIBRARY = "libc++";
				CLANG_ENABLE_MODULES = YES;
				CLANG_ENABLE_OBJC_ARC = YES;
				CLANG_WARN_BOOL_CONVERSION = YES;
				CLANG_WARN_CONSTANT_CONVERSION = YES;
				CLANG_WARN_DIRECT_OBJC_ISA_USAGE = YES_ERROR;
				CLANG_WARN_DOCUMENTATION_COMMENTS = YES;
				CLANG_WARN_EMPTY_BODY = YES;
				CLANG_WARN_ENUM_CONVERSION = YES;
				CLANG_WARN_INFINITE_RECURSION = YES;
				CLANG_WARN_INT_CONVERSION = YES;
				CLANG_WARN_OBJC_ROOT_CLASS = YES_ERROR;
				CLANG_WARN_SUSPICIOUS_MOVE = YES;
				CLANG_WARN_SUSPICIOUS_MOVES = YES;
				CLANG_WARN_UNREACHABLE_CODE = YES;
				CLANG_WARN__DUPLICATE_METHOD_MATCH = YES;
				"CODE_SIGN_IDENTITY[sdk=iphoneos*]" = "iPhone Developer";
				COPY_PHASE_STRIP = NO;
				DEBUG_INFORMATION_FORMAT = "dwarf-with-dsym";
				ENABLE_NS_ASSERTIONS = NO;
				ENABLE_STRICT_OBJC_MSGSEND = YES;
				GCC_C_LANGUAGE_STANDARD = gnu99;
				GCC_NO_COMMON_BLOCKS = YES;
				GCC_WARN_64_TO_32_BIT_CONVERSION = YES;
				GCC_WARN_ABOUT_RETURN_TYPE = YES_ERROR;
				GCC_WARN_UNDECLARED_SELECTOR = YES;
				GCC_WARN_UNINITIALIZED_AUTOS = YES_AGGRESSIVE;
				GCC_WARN_UNUSED_FUNCTION = YES;
				GCC_WARN_UNUSED_VARIABLE = YES;
				IPHONEOS_DEPLOYMENT_TARGET = 10.1;
				MTL_ENABLE_DEBUG_INFO = NO;
				SDKROOT = iphoneos;
				SWIFT_OPTIMIZATION_LEVEL = "-Owholemodule";
				TARGETED_DEVICE_FAMILY = "1,2";
				VALIDATE_PRODUCT = YES;
			};
			name = Release;
		};
		EE204FC41DF6E05500D855BA /* Debug */ = {
			isa = XCBuildConfiguration;
			baseConfigurationReference = ED1B872F79E845844E97DAA7 /* Pods-OnTheMap.debug.xcconfig */;
			buildSettings = {
				ALWAYS_EMBED_SWIFT_STANDARD_LIBRARIES = YES;
				ASSETCATALOG_COMPILER_APPICON_NAME = AppIcon;
				CLANG_ENABLE_MODULES = YES;
				DEVELOPMENT_TEAM = AR27PDZ76S;
				INFOPLIST_FILE = OnTheMap/Info.plist;
				LD_RUNPATH_SEARCH_PATHS = "$(inherited) @executable_path/Frameworks";
				PRODUCT_BUNDLE_IDENTIFIER = com.from101.OnTheMap;
				PRODUCT_NAME = "$(TARGET_NAME)";
				SWIFT_OBJC_BRIDGING_HEADER = "OnTheMap/OnTheMap-Bridging-Header.h";
				SWIFT_OPTIMIZATION_LEVEL = "-Onone";
				SWIFT_VERSION = 3.0;
			};
			name = Debug;
		};
		EE204FC51DF6E05500D855BA /* Release */ = {
			isa = XCBuildConfiguration;
			baseConfigurationReference = 81E66F77E5F36D50FEB0A6BD /* Pods-OnTheMap.release.xcconfig */;
			buildSettings = {
				ALWAYS_EMBED_SWIFT_STANDARD_LIBRARIES = YES;
				ASSETCATALOG_COMPILER_APPICON_NAME = AppIcon;
				CLANG_ENABLE_MODULES = YES;
				DEVELOPMENT_TEAM = AR27PDZ76S;
				INFOPLIST_FILE = OnTheMap/Info.plist;
				LD_RUNPATH_SEARCH_PATHS = "$(inherited) @executable_path/Frameworks";
				PRODUCT_BUNDLE_IDENTIFIER = com.from101.OnTheMap;
				PRODUCT_NAME = "$(TARGET_NAME)";
				SWIFT_OBJC_BRIDGING_HEADER = "OnTheMap/OnTheMap-Bridging-Header.h";
				SWIFT_VERSION = 3.0;
			};
			name = Release;
		};
/* End XCBuildConfiguration section */

/* Begin XCConfigurationList section */
		EE204F961DF6E05400D855BA /* Build configuration list for PBXProject "OnTheMap" */ = {
			isa = XCConfigurationList;
			buildConfigurations = (
				EE204FC11DF6E05500D855BA /* Debug */,
				EE204FC21DF6E05500D855BA /* Release */,
			);
			defaultConfigurationIsVisible = 0;
			defaultConfigurationName = Release;
		};
		EE204FC31DF6E05500D855BA /* Build configuration list for PBXNativeTarget "OnTheMap" */ = {
			isa = XCConfigurationList;
			buildConfigurations = (
				EE204FC41DF6E05500D855BA /* Debug */,
				EE204FC51DF6E05500D855BA /* Release */,
			);
			defaultConfigurationIsVisible = 0;
			defaultConfigurationName = Release;
		};
/* End XCConfigurationList section */
	};
	rootObject = EE204F931DF6E05400D855BA /* Project object */;
}
