// !$*UTF8*$!
{
	archiveVersion = 1;
	classes = {
	};
	objectVersion = 46;
	objects = {

/* Begin PBXBuildFile section */
		EE1731C51DF7C2C700978508 /* Convenience - Color.swift in Sources */ = {isa = PBXBuildFile; fileRef = EE1731C41DF7C2C700978508 /* Convenience - Color.swift */; };
		EE1731C91DF7D28000978508 /* UIStackView+Separator.m in Sources */ = {isa = PBXBuildFile; fileRef = EE1731C81DF7D28000978508 /* UIStackView+Separator.m */; };
		EE1731CC1DF7EBF000978508 /* ViewConstants.swift in Sources */ = {isa = PBXBuildFile; fileRef = EE1731CB1DF7EBF000978508 /* ViewConstants.swift */; };
		EE1731D11DF832B500978508 /* MapViewController.swift in Sources */ = {isa = PBXBuildFile; fileRef = EE1731D01DF832B500978508 /* MapViewController.swift */; };
		EE1731D31DF832CD00978508 /* ListViewController.swift in Sources */ = {isa = PBXBuildFile; fileRef = EE1731D21DF832CD00978508 /* ListViewController.swift */; };
		EE1731DC1DF868AA00978508 /* OTMNavigationItem.swift in Sources */ = {isa = PBXBuildFile; fileRef = EE1731DB1DF868AA00978508 /* OTMNavigationItem.swift */; };
		EE1731E11DF874EB00978508 /* Convenience - BarButtonItem.swift in Sources */ = {isa = PBXBuildFile; fileRef = EE1731E01DF874EB00978508 /* Convenience - BarButtonItem.swift */; };
		EE1731E41DF92A4100978508 /* OTMNavigationItemDelegate.swift in Sources */ = {isa = PBXBuildFile; fileRef = EE1731E31DF92A4100978508 /* OTMNavigationItemDelegate.swift */; };
		EE1731E61DF92E4400978508 /* OTMNavigationItemController.swift in Sources */ = {isa = PBXBuildFile; fileRef = EE1731E51DF92E4400978508 /* OTMNavigationItemController.swift */; };
		EE1732261DFA78DF00978508 /* OTMNavigationItemControllerProtocol.swift in Sources */ = {isa = PBXBuildFile; fileRef = EE1732251DFA78DF00978508 /* OTMNavigationItemControllerProtocol.swift */; };
		EE17322D1DFADA4700978508 /* OTMMapViewAnnotation.swift in Sources */ = {isa = PBXBuildFile; fileRef = EE17322C1DFADA4700978508 /* OTMMapViewAnnotation.swift */; };
		EE17322F1DFBC21C00978508 /* Convenience - Array.swift in Sources */ = {isa = PBXBuildFile; fileRef = EE17322E1DFBC21C00978508 /* Convenience - Array.swift */; };
		EE1732351DFBE4FC00978508 /* Random - MKMapView.swift in Sources */ = {isa = PBXBuildFile; fileRef = EE1732341DFBE4FC00978508 /* Random - MKMapView.swift */; };
		EE1732381DFBF93400978508 /* Random - Basic.swift in Sources */ = {isa = PBXBuildFile; fileRef = EE1732371DFBF93400978508 /* Random - Basic.swift */; };
		EE17323E1DFC1B0F00978508 /* Random - CG.swift in Sources */ = {isa = PBXBuildFile; fileRef = EE17323D1DFC1B0F00978508 /* Random - CG.swift */; };
		EE204F9F1DF6E05400D855BA /* AppDelegate.swift in Sources */ = {isa = PBXBuildFile; fileRef = EE204F9E1DF6E05400D855BA /* AppDelegate.swift */; };
		EE204FA11DF6E05400D855BA /* LoginViewController.swift in Sources */ = {isa = PBXBuildFile; fileRef = EE204FA01DF6E05400D855BA /* LoginViewController.swift */; };
		EE204FA41DF6E05400D855BA /* Main.storyboard in Resources */ = {isa = PBXBuildFile; fileRef = EE204FA21DF6E05400D855BA /* Main.storyboard */; };
		EE204FA61DF6E05400D855BA /* Assets.xcassets in Resources */ = {isa = PBXBuildFile; fileRef = EE204FA51DF6E05400D855BA /* Assets.xcassets */; };
		EE204FA91DF6E05400D855BA /* LaunchScreen.storyboard in Resources */ = {isa = PBXBuildFile; fileRef = EE204FA71DF6E05400D855BA /* LaunchScreen.storyboard */; };
		EE204FB41DF6E05500D855BA /* OnTheMapTests.swift in Sources */ = {isa = PBXBuildFile; fileRef = EE204FB31DF6E05500D855BA /* OnTheMapTests.swift */; };
		EE204FBF1DF6E05500D855BA /* OnTheMapUITests.swift in Sources */ = {isa = PBXBuildFile; fileRef = EE204FBE1DF6E05500D855BA /* OnTheMapUITests.swift */; };
		EE209F011DFD7FE100C82F5C /* Convenience - UITableViewDataSource.swift in Sources */ = {isa = PBXBuildFile; fileRef = EE209F001DFD7FE100C82F5C /* Convenience - UITableViewDataSource.swift */; };
/* End PBXBuildFile section */

/* Begin PBXContainerItemProxy section */
		EE204FB01DF6E05500D855BA /* PBXContainerItemProxy */ = {
			isa = PBXContainerItemProxy;
			containerPortal = EE204F931DF6E05400D855BA /* Project object */;
			proxyType = 1;
			remoteGlobalIDString = EE204F9A1DF6E05400D855BA;
			remoteInfo = OnTheMap;
		};
		EE204FBB1DF6E05500D855BA /* PBXContainerItemProxy */ = {
			isa = PBXContainerItemProxy;
			containerPortal = EE204F931DF6E05400D855BA /* Project object */;
			proxyType = 1;
			remoteGlobalIDString = EE204F9A1DF6E05400D855BA;
			remoteInfo = OnTheMap;
		};
/* End PBXContainerItemProxy section */

/* Begin PBXFileReference section */
		EE1731C41DF7C2C700978508 /* Convenience - Color.swift */ = {isa = PBXFileReference; fileEncoding = 4; lastKnownFileType = sourcecode.swift; path = "Convenience - Color.swift"; sourceTree = "<group>"; };
		EE1731C61DF7D27F00978508 /* OnTheMap-Bridging-Header.h */ = {isa = PBXFileReference; lastKnownFileType = sourcecode.c.h; path = "OnTheMap-Bridging-Header.h"; sourceTree = "<group>"; };
		EE1731C71DF7D28000978508 /* UIStackView+Separator.h */ = {isa = PBXFileReference; fileEncoding = 4; lastKnownFileType = sourcecode.c.h; path = "UIStackView+Separator.h"; sourceTree = "<group>"; };
		EE1731C81DF7D28000978508 /* UIStackView+Separator.m */ = {isa = PBXFileReference; fileEncoding = 4; lastKnownFileType = sourcecode.c.objc; path = "UIStackView+Separator.m"; sourceTree = "<group>"; };
		EE1731CB1DF7EBF000978508 /* ViewConstants.swift */ = {isa = PBXFileReference; fileEncoding = 4; lastKnownFileType = sourcecode.swift; path = ViewConstants.swift; sourceTree = "<group>"; };
		EE1731D01DF832B500978508 /* MapViewController.swift */ = {isa = PBXFileReference; fileEncoding = 4; lastKnownFileType = sourcecode.swift; path = MapViewController.swift; sourceTree = "<group>"; };
		EE1731D21DF832CD00978508 /* ListViewController.swift */ = {isa = PBXFileReference; fileEncoding = 4; lastKnownFileType = sourcecode.swift; path = ListViewController.swift; sourceTree = "<group>"; };
		EE1731DB1DF868AA00978508 /* OTMNavigationItem.swift */ = {isa = PBXFileReference; fileEncoding = 4; lastKnownFileType = sourcecode.swift; path = OTMNavigationItem.swift; sourceTree = "<group>"; };
		EE1731E01DF874EB00978508 /* Convenience - BarButtonItem.swift */ = {isa = PBXFileReference; fileEncoding = 4; lastKnownFileType = sourcecode.swift; path = "Convenience - BarButtonItem.swift"; sourceTree = "<group>"; };
		EE1731E31DF92A4100978508 /* OTMNavigationItemDelegate.swift */ = {isa = PBXFileReference; fileEncoding = 4; lastKnownFileType = sourcecode.swift; path = OTMNavigationItemDelegate.swift; sourceTree = "<group>"; };
		EE1731E51DF92E4400978508 /* OTMNavigationItemController.swift */ = {isa = PBXFileReference; fileEncoding = 4; lastKnownFileType = sourcecode.swift; path = OTMNavigationItemController.swift; sourceTree = "<group>"; };
		EE1732251DFA78DF00978508 /* OTMNavigationItemControllerProtocol.swift */ = {isa = PBXFileReference; fileEncoding = 4; lastKnownFileType = sourcecode.swift; path = OTMNavigationItemControllerProtocol.swift; sourceTree = "<group>"; };
		EE17322C1DFADA4700978508 /* OTMMapViewAnnotation.swift */ = {isa = PBXFileReference; fileEncoding = 4; lastKnownFileType = sourcecode.swift; path = OTMMapViewAnnotation.swift; sourceTree = "<group>"; };
		EE17322E1DFBC21C00978508 /* Convenience - Array.swift */ = {isa = PBXFileReference; fileEncoding = 4; lastKnownFileType = sourcecode.swift; path = "Convenience - Array.swift"; sourceTree = "<group>"; };
		EE1732341DFBE4FC00978508 /* Random - MKMapView.swift */ = {isa = PBXFileReference; fileEncoding = 4; lastKnownFileType = sourcecode.swift; path = "Random - MKMapView.swift"; sourceTree = "<group>"; };
		EE1732371DFBF93400978508 /* Random - Basic.swift */ = {isa = PBXFileReference; fileEncoding = 4; lastKnownFileType = sourcecode.swift; path = "Random - Basic.swift"; sourceTree = "<group>"; };
		EE17323D1DFC1B0F00978508 /* Random - CG.swift */ = {isa = PBXFileReference; fileEncoding = 4; lastKnownFileType = sourcecode.swift; path = "Random - CG.swift"; sourceTree = "<group>"; };
		EE204F9B1DF6E05400D855BA /* OnTheMap.app */ = {isa = PBXFileReference; explicitFileType = wrapper.application; includeInIndex = 0; path = OnTheMap.app; sourceTree = BUILT_PRODUCTS_DIR; };
		EE204F9E1DF6E05400D855BA /* AppDelegate.swift */ = {isa = PBXFileReference; lastKnownFileType = sourcecode.swift; path = AppDelegate.swift; sourceTree = "<group>"; };
		EE204FA01DF6E05400D855BA /* LoginViewController.swift */ = {isa = PBXFileReference; lastKnownFileType = sourcecode.swift; path = LoginViewController.swift; sourceTree = "<group>"; };
		EE204FA31DF6E05400D855BA /* Base */ = {isa = PBXFileReference; lastKnownFileType = file.storyboard; name = Base; path = Base.lproj/Main.storyboard; sourceTree = "<group>"; };
		EE204FA51DF6E05400D855BA /* Assets.xcassets */ = {isa = PBXFileReference; lastKnownFileType = folder.assetcatalog; path = Assets.xcassets; sourceTree = "<group>"; };
		EE204FA81DF6E05400D855BA /* Base */ = {isa = PBXFileReference; lastKnownFileType = file.storyboard; name = Base; path = Base.lproj/LaunchScreen.storyboard; sourceTree = "<group>"; };
		EE204FAA1DF6E05400D855BA /* Info.plist */ = {isa = PBXFileReference; lastKnownFileType = text.plist.xml; path = Info.plist; sourceTree = "<group>"; };
		EE204FAF1DF6E05500D855BA /* OnTheMapTests.xctest */ = {isa = PBXFileReference; explicitFileType = wrapper.cfbundle; includeInIndex = 0; path = OnTheMapTests.xctest; sourceTree = BUILT_PRODUCTS_DIR; };
		EE204FB31DF6E05500D855BA /* OnTheMapTests.swift */ = {isa = PBXFileReference; lastKnownFileType = sourcecode.swift; path = OnTheMapTests.swift; sourceTree = "<group>"; };
		EE204FB51DF6E05500D855BA /* Info.plist */ = {isa = PBXFileReference; lastKnownFileType = text.plist.xml; path = Info.plist; sourceTree = "<group>"; };
		EE204FBA1DF6E05500D855BA /* OnTheMapUITests.xctest */ = {isa = PBXFileReference; explicitFileType = wrapper.cfbundle; includeInIndex = 0; path = OnTheMapUITests.xctest; sourceTree = BUILT_PRODUCTS_DIR; };
		EE204FBE1DF6E05500D855BA /* OnTheMapUITests.swift */ = {isa = PBXFileReference; lastKnownFileType = sourcecode.swift; path = OnTheMapUITests.swift; sourceTree = "<group>"; };
		EE204FC01DF6E05500D855BA /* Info.plist */ = {isa = PBXFileReference; lastKnownFileType = text.plist.xml; path = Info.plist; sourceTree = "<group>"; };
		EE209F001DFD7FE100C82F5C /* Convenience - UITableViewDataSource.swift */ = {isa = PBXFileReference; fileEncoding = 4; lastKnownFileType = sourcecode.swift; path = "Convenience - UITableViewDataSource.swift"; sourceTree = "<group>"; };
/* End PBXFileReference section */

/* Begin PBXFrameworksBuildPhase section */
		EE204F981DF6E05400D855BA /* Frameworks */ = {
			isa = PBXFrameworksBuildPhase;
			buildActionMask = 2147483647;
			files = (
			);
			runOnlyForDeploymentPostprocessing = 0;
		};
		EE204FAC1DF6E05500D855BA /* Frameworks */ = {
			isa = PBXFrameworksBuildPhase;
			buildActionMask = 2147483647;
			files = (
			);
			runOnlyForDeploymentPostprocessing = 0;
		};
		EE204FB71DF6E05500D855BA /* Frameworks */ = {
			isa = PBXFrameworksBuildPhase;
			buildActionMask = 2147483647;
			files = (
			);
			runOnlyForDeploymentPostprocessing = 0;
		};
/* End PBXFrameworksBuildPhase section */

/* Begin PBXGroup section */
		EE1731C21DF7C28E00978508 /* Classes */ = {
			isa = PBXGroup;
			children = (
				EE1731CE1DF7EEA000978508 /* Models */,
				EE1731CF1DF7EEAB00978508 /* Views */,
				EE1731CD1DF7EE8800978508 /* Controllers */,
				EE204F9E1DF6E05400D855BA /* AppDelegate.swift */,
				EE1731C61DF7D27F00978508 /* OnTheMap-Bridging-Header.h */,
				EE1731CB1DF7EBF000978508 /* ViewConstants.swift */,
			);
			name = Classes;
			sourceTree = "<group>";
		};
		EE1731CA1DF7D61000978508 /* CVStackViewSeparator */ = {
			isa = PBXGroup;
			children = (
				EE1731C71DF7D28000978508 /* UIStackView+Separator.h */,
				EE1731C81DF7D28000978508 /* UIStackView+Separator.m */,
			);
			name = CVStackViewSeparator;
			sourceTree = "<group>";
		};
		EE1731CD1DF7EE8800978508 /* Controllers */ = {
			isa = PBXGroup;
			children = (
				EE204FA01DF6E05400D855BA /* LoginViewController.swift */,
				EE1731D01DF832B500978508 /* MapViewController.swift */,
				EE1731D21DF832CD00978508 /* ListViewController.swift */,
				EE1731E51DF92E4400978508 /* OTMNavigationItemController.swift */,
				EE1732251DFA78DF00978508 /* OTMNavigationItemControllerProtocol.swift */,
			);
			name = Controllers;
			sourceTree = "<group>";
		};
		EE1731CE1DF7EEA000978508 /* Models */ = {
			isa = PBXGroup;
			children = (
			);
			name = Models;
			sourceTree = "<group>";
		};
		EE1731CF1DF7EEAB00978508 /* Views */ = {
			isa = PBXGroup;
			children = (
				EE1731DB1DF868AA00978508 /* OTMNavigationItem.swift */,
				EE1731E31DF92A4100978508 /* OTMNavigationItemDelegate.swift */,
				EE17322C1DFADA4700978508 /* OTMMapViewAnnotation.swift */,
			);
			name = Views;
			sourceTree = "<group>";
		};
		EE1731D61DF859ED00978508 /* Assets */ = {
			isa = PBXGroup;
			children = (
				EE204FA21DF6E05400D855BA /* Main.storyboard */,
				EE204FA51DF6E05400D855BA /* Assets.xcassets */,
				EE204FA71DF6E05400D855BA /* LaunchScreen.storyboard */,
			);
			name = Assets;
			sourceTree = "<group>";
		};
		EE1731DD1DF873F200978508 /* Reusable */ = {
			isa = PBXGroup;
			children = (
				EE1732361DFBE75900978508 /* Utilities */,
				EE1732321DFBE15B00978508 /* Testing */,
				EE1731E21DF8777400978508 /* Convenience */,
				EE1731CA1DF7D61000978508 /* CVStackViewSeparator */,
			);
			name = Reusable;
			sourceTree = "<group>";
		};
		EE1731E21DF8777400978508 /* Convenience */ = {
			isa = PBXGroup;
			children = (
				EE1731C41DF7C2C700978508 /* Convenience - Color.swift */,
				EE1731E01DF874EB00978508 /* Convenience - BarButtonItem.swift */,
				EE17322E1DFBC21C00978508 /* Convenience - Array.swift */,
				EE209F001DFD7FE100C82F5C /* Convenience - UITableViewDataSource.swift */,
			);
			name = Convenience;
			sourceTree = "<group>";
		};
		EE1732321DFBE15B00978508 /* Testing */ = {
			isa = PBXGroup;
			children = (
				EE1732331DFBE4CC00978508 /* Random */,
			);
			name = Testing;
			sourceTree = "<group>";
		};
		EE1732331DFBE4CC00978508 /* Random */ = {
			isa = PBXGroup;
			children = (
				EE1732341DFBE4FC00978508 /* Random - MKMapView.swift */,
			);
			name = Random;
			sourceTree = "<group>";
		};
		EE1732361DFBE75900978508 /* Utilities */ = {
			isa = PBXGroup;
			children = (
				EE1732371DFBF93400978508 /* Random - Basic.swift */,
				EE17323D1DFC1B0F00978508 /* Random - CG.swift */,
			);
			name = Utilities;
			sourceTree = "<group>";
		};
		EE204F921DF6E05400D855BA = {
			isa = PBXGroup;
			children = (
				EE204F9D1DF6E05400D855BA /* OnTheMap */,
				EE204FB21DF6E05500D855BA /* OnTheMapTests */,
				EE204FBD1DF6E05500D855BA /* OnTheMapUITests */,
				EE204F9C1DF6E05400D855BA /* Products */,
			);
			sourceTree = "<group>";
		};
		EE204F9C1DF6E05400D855BA /* Products */ = {
			isa = PBXGroup;
			children = (
				EE204F9B1DF6E05400D855BA /* OnTheMap.app */,
				EE204FAF1DF6E05500D855BA /* OnTheMapTests.xctest */,
				EE204FBA1DF6E05500D855BA /* OnTheMapUITests.xctest */,
			);
			name = Products;
			sourceTree = "<group>";
		};
		EE204F9D1DF6E05400D855BA /* OnTheMap */ = {
			isa = PBXGroup;
			children = (
				EE1731DD1DF873F200978508 /* Reusable */,
				EE1731C21DF7C28E00978508 /* Classes */,
				EE1731D61DF859ED00978508 /* Assets */,
				EE204FAA1DF6E05400D855BA /* Info.plist */,
			);
			path = OnTheMap;
			sourceTree = "<group>";
		};
		EE204FB21DF6E05500D855BA /* OnTheMapTests */ = {
			isa = PBXGroup;
			children = (
				EE204FB31DF6E05500D855BA /* OnTheMapTests.swift */,
				EE204FB51DF6E05500D855BA /* Info.plist */,
			);
			path = OnTheMapTests;
			sourceTree = "<group>";
		};
		EE204FBD1DF6E05500D855BA /* OnTheMapUITests */ = {
			isa = PBXGroup;
			children = (
				EE204FBE1DF6E05500D855BA /* OnTheMapUITests.swift */,
				EE204FC01DF6E05500D855BA /* Info.plist */,
			);
			path = OnTheMapUITests;
			sourceTree = "<group>";
		};
/* End PBXGroup section */

/* Begin PBXNativeTarget section */
		EE204F9A1DF6E05400D855BA /* OnTheMap */ = {
			isa = PBXNativeTarget;
			buildConfigurationList = EE204FC31DF6E05500D855BA /* Build configuration list for PBXNativeTarget "OnTheMap" */;
			buildPhases = (
				EE204F971DF6E05400D855BA /* Sources */,
				EE204F981DF6E05400D855BA /* Frameworks */,
				EE204F991DF6E05400D855BA /* Resources */,
			);
			buildRules = (
			);
			dependencies = (
			);
			name = OnTheMap;
			productName = OnTheMap;
			productReference = EE204F9B1DF6E05400D855BA /* OnTheMap.app */;
			productType = "com.apple.product-type.application";
		};
		EE204FAE1DF6E05500D855BA /* OnTheMapTests */ = {
			isa = PBXNativeTarget;
			buildConfigurationList = EE204FC61DF6E05500D855BA /* Build configuration list for PBXNativeTarget "OnTheMapTests" */;
			buildPhases = (
				EE204FAB1DF6E05500D855BA /* Sources */,
				EE204FAC1DF6E05500D855BA /* Frameworks */,
				EE204FAD1DF6E05500D855BA /* Resources */,
			);
			buildRules = (
			);
			dependencies = (
				EE204FB11DF6E05500D855BA /* PBXTargetDependency */,
			);
			name = OnTheMapTests;
			productName = OnTheMapTests;
			productReference = EE204FAF1DF6E05500D855BA /* OnTheMapTests.xctest */;
			productType = "com.apple.product-type.bundle.unit-test";
		};
		EE204FB91DF6E05500D855BA /* OnTheMapUITests */ = {
			isa = PBXNativeTarget;
			buildConfigurationList = EE204FC91DF6E05500D855BA /* Build configuration list for PBXNativeTarget "OnTheMapUITests" */;
			buildPhases = (
				EE204FB61DF6E05500D855BA /* Sources */,
				EE204FB71DF6E05500D855BA /* Frameworks */,
				EE204FB81DF6E05500D855BA /* Resources */,
			);
			buildRules = (
			);
			dependencies = (
				EE204FBC1DF6E05500D855BA /* PBXTargetDependency */,
			);
			name = OnTheMapUITests;
			productName = OnTheMapUITests;
			productReference = EE204FBA1DF6E05500D855BA /* OnTheMapUITests.xctest */;
			productType = "com.apple.product-type.bundle.ui-testing";
		};
/* End PBXNativeTarget section */

/* Begin PBXProject section */
		EE204F931DF6E05400D855BA /* Project object */ = {
			isa = PBXProject;
			attributes = {
				LastSwiftUpdateCheck = 0810;
				LastUpgradeCheck = 0810;
				ORGANIZATIONNAME = "Shobhit Gupta";
				TargetAttributes = {
					EE204F9A1DF6E05400D855BA = {
						CreatedOnToolsVersion = 8.1;
						DevelopmentTeam = AR27PDZ76S;
						LastSwiftMigration = 0810;
						ProvisioningStyle = Automatic;
					};
					EE204FAE1DF6E05500D855BA = {
						CreatedOnToolsVersion = 8.1;
						DevelopmentTeam = AR27PDZ76S;
						ProvisioningStyle = Automatic;
						TestTargetID = EE204F9A1DF6E05400D855BA;
					};
					EE204FB91DF6E05500D855BA = {
						CreatedOnToolsVersion = 8.1;
						DevelopmentTeam = AR27PDZ76S;
						ProvisioningStyle = Automatic;
						TestTargetID = EE204F9A1DF6E05400D855BA;
					};
				};
			};
			buildConfigurationList = EE204F961DF6E05400D855BA /* Build configuration list for PBXProject "OnTheMap" */;
			compatibilityVersion = "Xcode 3.2";
			developmentRegion = English;
			hasScannedForEncodings = 0;
			knownRegions = (
				en,
				Base,
			);
			mainGroup = EE204F921DF6E05400D855BA;
			productRefGroup = EE204F9C1DF6E05400D855BA /* Products */;
			projectDirPath = "";
			projectRoot = "";
			targets = (
				EE204F9A1DF6E05400D855BA /* OnTheMap */,
				EE204FAE1DF6E05500D855BA /* OnTheMapTests */,
				EE204FB91DF6E05500D855BA /* OnTheMapUITests */,
			);
		};
/* End PBXProject section */

/* Begin PBXResourcesBuildPhase section */
		EE204F991DF6E05400D855BA /* Resources */ = {
			isa = PBXResourcesBuildPhase;
			buildActionMask = 2147483647;
			files = (
				EE204FA91DF6E05400D855BA /* LaunchScreen.storyboard in Resources */,
				EE204FA61DF6E05400D855BA /* Assets.xcassets in Resources */,
				EE204FA41DF6E05400D855BA /* Main.storyboard in Resources */,
			);
			runOnlyForDeploymentPostprocessing = 0;
		};
		EE204FAD1DF6E05500D855BA /* Resources */ = {
			isa = PBXResourcesBuildPhase;
			buildActionMask = 2147483647;
			files = (
			);
			runOnlyForDeploymentPostprocessing = 0;
		};
		EE204FB81DF6E05500D855BA /* Resources */ = {
			isa = PBXResourcesBuildPhase;
			buildActionMask = 2147483647;
			files = (
			);
			runOnlyForDeploymentPostprocessing = 0;
		};
/* End PBXResourcesBuildPhase section */

/* Begin PBXSourcesBuildPhase section */
		EE204F971DF6E05400D855BA /* Sources */ = {
			isa = PBXSourcesBuildPhase;
			buildActionMask = 2147483647;
			files = (
				EE1731CC1DF7EBF000978508 /* ViewConstants.swift in Sources */,
				EE1732351DFBE4FC00978508 /* Random - MKMapView.swift in Sources */,
				EE17322D1DFADA4700978508 /* OTMMapViewAnnotation.swift in Sources */,
				EE1731D11DF832B500978508 /* MapViewController.swift in Sources */,
				EE17322F1DFBC21C00978508 /* Convenience - Array.swift in Sources */,
				EE1731E11DF874EB00978508 /* Convenience - BarButtonItem.swift in Sources */,
				EE1731E41DF92A4100978508 /* OTMNavigationItemDelegate.swift in Sources */,
				EE204FA11DF6E05400D855BA /* LoginViewController.swift in Sources */,
				EE1731DC1DF868AA00978508 /* OTMNavigationItem.swift in Sources */,
				EE1732381DFBF93400978508 /* Random - Basic.swift in Sources */,
				EE1731C91DF7D28000978508 /* UIStackView+Separator.m in Sources */,
				EE1731E61DF92E4400978508 /* OTMNavigationItemController.swift in Sources */,
				EE17323E1DFC1B0F00978508 /* Random - CG.swift in Sources */,
				EE1731C51DF7C2C700978508 /* Convenience - Color.swift in Sources */,
				EE1732261DFA78DF00978508 /* OTMNavigationItemControllerProtocol.swift in Sources */,
				EE204F9F1DF6E05400D855BA /* AppDelegate.swift in Sources */,
				EE209F011DFD7FE100C82F5C /* Convenience - UITableViewDataSource.swift in Sources */,
				EE1731D31DF832CD00978508 /* ListViewController.swift in Sources */,
			);
			runOnlyForDeploymentPostprocessing = 0;
		};
		EE204FAB1DF6E05500D855BA /* Sources */ = {
			isa = PBXSourcesBuildPhase;
			buildActionMask = 2147483647;
			files = (
				EE204FB41DF6E05500D855BA /* OnTheMapTests.swift in Sources */,
			);
			runOnlyForDeploymentPostprocessing = 0;
		};
		EE204FB61DF6E05500D855BA /* Sources */ = {
			isa = PBXSourcesBuildPhase;
			buildActionMask = 2147483647;
			files = (
				EE204FBF1DF6E05500D855BA /* OnTheMapUITests.swift in Sources */,
			);
			runOnlyForDeploymentPostprocessing = 0;
		};
/* End PBXSourcesBuildPhase section */

/* Begin PBXTargetDependency section */
		EE204FB11DF6E05500D855BA /* PBXTargetDependency */ = {
			isa = PBXTargetDependency;
			target = EE204F9A1DF6E05400D855BA /* OnTheMap */;
			targetProxy = EE204FB01DF6E05500D855BA /* PBXContainerItemProxy */;
		};
		EE204FBC1DF6E05500D855BA /* PBXTargetDependency */ = {
			isa = PBXTargetDependency;
			target = EE204F9A1DF6E05400D855BA /* OnTheMap */;
			targetProxy = EE204FBB1DF6E05500D855BA /* PBXContainerItemProxy */;
		};
/* End PBXTargetDependency section */

/* Begin PBXVariantGroup section */
		EE204FA21DF6E05400D855BA /* Main.storyboard */ = {
			isa = PBXVariantGroup;
			children = (
				EE204FA31DF6E05400D855BA /* Base */,
			);
			name = Main.storyboard;
			sourceTree = "<group>";
		};
		EE204FA71DF6E05400D855BA /* LaunchScreen.storyboard */ = {
			isa = PBXVariantGroup;
			children = (
				EE204FA81DF6E05400D855BA /* Base */,
			);
			name = LaunchScreen.storyboard;
			sourceTree = "<group>";
		};
/* End PBXVariantGroup section */

/* Begin XCBuildConfiguration section */
		EE204FC11DF6E05500D855BA /* Debug */ = {
			isa = XCBuildConfiguration;
			buildSettings = {
				ALWAYS_SEARCH_USER_PATHS = NO;
				CLANG_ANALYZER_NONNULL = YES;
				CLANG_CXX_LANGUAGE_STANDARD = "gnu++0x";
				CLANG_CXX_LIBRARY = "libc++";
				CLANG_ENABLE_MODULES = YES;
				CLANG_ENABLE_OBJC_ARC = YES;
				CLANG_WARN_BOOL_CONVERSION = YES;
				CLANG_WARN_CONSTANT_CONVERSION = YES;
				CLANG_WARN_DIRECT_OBJC_ISA_USAGE = YES_ERROR;
				CLANG_WARN_DOCUMENTATION_COMMENTS = YES;
				CLANG_WARN_EMPTY_BODY = YES;
				CLANG_WARN_ENUM_CONVERSION = YES;
				CLANG_WARN_INFINITE_RECURSION = YES;
				CLANG_WARN_INT_CONVERSION = YES;
				CLANG_WARN_OBJC_ROOT_CLASS = YES_ERROR;
				CLANG_WARN_SUSPICIOUS_MOVES = YES;
				CLANG_WARN_UNREACHABLE_CODE = YES;
				CLANG_WARN__DUPLICATE_METHOD_MATCH = YES;
				"CODE_SIGN_IDENTITY[sdk=iphoneos*]" = "iPhone Developer";
				COPY_PHASE_STRIP = NO;
				DEBUG_INFORMATION_FORMAT = dwarf;
				ENABLE_STRICT_OBJC_MSGSEND = YES;
				ENABLE_TESTABILITY = YES;
				GCC_C_LANGUAGE_STANDARD = gnu99;
				GCC_DYNAMIC_NO_PIC = NO;
				GCC_NO_COMMON_BLOCKS = YES;
				GCC_OPTIMIZATION_LEVEL = 0;
				GCC_PREPROCESSOR_DEFINITIONS = (
					"DEBUG=1",
					"$(inherited)",
				);
				GCC_WARN_64_TO_32_BIT_CONVERSION = YES;
				GCC_WARN_ABOUT_RETURN_TYPE = YES_ERROR;
				GCC_WARN_UNDECLARED_SELECTOR = YES;
				GCC_WARN_UNINITIALIZED_AUTOS = YES_AGGRESSIVE;
				GCC_WARN_UNUSED_FUNCTION = YES;
				GCC_WARN_UNUSED_VARIABLE = YES;
				IPHONEOS_DEPLOYMENT_TARGET = 10.1;
				MTL_ENABLE_DEBUG_INFO = YES;
				ONLY_ACTIVE_ARCH = YES;
				SDKROOT = iphoneos;
				SWIFT_ACTIVE_COMPILATION_CONDITIONS = DEBUG;
				SWIFT_OPTIMIZATION_LEVEL = "-Onone";
				TARGETED_DEVICE_FAMILY = "1,2";
			};
			name = Debug;
		};
		EE204FC21DF6E05500D855BA /* Release */ = {
			isa = XCBuildConfiguration;
			buildSettings = {
				ALWAYS_SEARCH_USER_PATHS = NO;
				CLANG_ANALYZER_NONNULL = YES;
				CLANG_CXX_LANGUAGE_STANDARD = "gnu++0x";
				CLANG_CXX_LIBRARY = "libc++";
				CLANG_ENABLE_MODULES = YES;
				CLANG_ENABLE_OBJC_ARC = YES;
				CLANG_WARN_BOOL_CONVERSION = YES;
				CLANG_WARN_CONSTANT_CONVERSION = YES;
				CLANG_WARN_DIRECT_OBJC_ISA_USAGE = YES_ERROR;
				CLANG_WARN_DOCUMENTATION_COMMENTS = YES;
				CLANG_WARN_EMPTY_BODY = YES;
				CLANG_WARN_ENUM_CONVERSION = YES;
				CLANG_WARN_INFINITE_RECURSION = YES;
				CLANG_WARN_INT_CONVERSION = YES;
				CLANG_WARN_OBJC_ROOT_CLASS = YES_ERROR;
				CLANG_WARN_SUSPICIOUS_MOVES = YES;
				CLANG_WARN_UNREACHABLE_CODE = YES;
				CLANG_WARN__DUPLICATE_METHOD_MATCH = YES;
				"CODE_SIGN_IDENTITY[sdk=iphoneos*]" = "iPhone Developer";
				COPY_PHASE_STRIP = NO;
				DEBUG_INFORMATION_FORMAT = "dwarf-with-dsym";
				ENABLE_NS_ASSERTIONS = NO;
				ENABLE_STRICT_OBJC_MSGSEND = YES;
				GCC_C_LANGUAGE_STANDARD = gnu99;
				GCC_NO_COMMON_BLOCKS = YES;
				GCC_WARN_64_TO_32_BIT_CONVERSION = YES;
				GCC_WARN_ABOUT_RETURN_TYPE = YES_ERROR;
				GCC_WARN_UNDECLARED_SELECTOR = YES;
				GCC_WARN_UNINITIALIZED_AUTOS = YES_AGGRESSIVE;
				GCC_WARN_UNUSED_FUNCTION = YES;
				GCC_WARN_UNUSED_VARIABLE = YES;
				IPHONEOS_DEPLOYMENT_TARGET = 10.1;
				MTL_ENABLE_DEBUG_INFO = NO;
				SDKROOT = iphoneos;
				SWIFT_OPTIMIZATION_LEVEL = "-Owholemodule";
				TARGETED_DEVICE_FAMILY = "1,2";
				VALIDATE_PRODUCT = YES;
			};
			name = Release;
		};
		EE204FC41DF6E05500D855BA /* Debug */ = {
			isa = XCBuildConfiguration;
			buildSettings = {
				ASSETCATALOG_COMPILER_APPICON_NAME = AppIcon;
				CLANG_ENABLE_MODULES = YES;
				DEVELOPMENT_TEAM = AR27PDZ76S;
				INFOPLIST_FILE = OnTheMap/Info.plist;
				LD_RUNPATH_SEARCH_PATHS = "$(inherited) @executable_path/Frameworks";
				PRODUCT_BUNDLE_IDENTIFIER = com.from101.OnTheMap;
				PRODUCT_NAME = "$(TARGET_NAME)";
				SWIFT_OBJC_BRIDGING_HEADER = "OnTheMap/OnTheMap-Bridging-Header.h";
				SWIFT_OPTIMIZATION_LEVEL = "-Onone";
				SWIFT_VERSION = 3.0;
			};
			name = Debug;
		};
		EE204FC51DF6E05500D855BA /* Release */ = {
			isa = XCBuildConfiguration;
			buildSettings = {
				ASSETCATALOG_COMPILER_APPICON_NAME = AppIcon;
				CLANG_ENABLE_MODULES = YES;
				DEVELOPMENT_TEAM = AR27PDZ76S;
				INFOPLIST_FILE = OnTheMap/Info.plist;
				LD_RUNPATH_SEARCH_PATHS = "$(inherited) @executable_path/Frameworks";
				PRODUCT_BUNDLE_IDENTIFIER = com.from101.OnTheMap;
				PRODUCT_NAME = "$(TARGET_NAME)";
				SWIFT_OBJC_BRIDGING_HEADER = "OnTheMap/OnTheMap-Bridging-Header.h";
				SWIFT_VERSION = 3.0;
			};
			name = Release;
		};
		EE204FC71DF6E05500D855BA /* Debug */ = {
			isa = XCBuildConfiguration;
			buildSettings = {
				ALWAYS_EMBED_SWIFT_STANDARD_LIBRARIES = YES;
				BUNDLE_LOADER = "$(TEST_HOST)";
				DEVELOPMENT_TEAM = AR27PDZ76S;
				INFOPLIST_FILE = OnTheMapTests/Info.plist;
				LD_RUNPATH_SEARCH_PATHS = "$(inherited) @executable_path/Frameworks @loader_path/Frameworks";
				PRODUCT_BUNDLE_IDENTIFIER = com.from101.OnTheMapTests;
				PRODUCT_NAME = "$(TARGET_NAME)";
				SWIFT_VERSION = 3.0;
				TEST_HOST = "$(BUILT_PRODUCTS_DIR)/OnTheMap.app/OnTheMap";
			};
			name = Debug;
		};
		EE204FC81DF6E05500D855BA /* Release */ = {
			isa = XCBuildConfiguration;
			buildSettings = {
				ALWAYS_EMBED_SWIFT_STANDARD_LIBRARIES = YES;
				BUNDLE_LOADER = "$(TEST_HOST)";
				DEVELOPMENT_TEAM = AR27PDZ76S;
				INFOPLIST_FILE = OnTheMapTests/Info.plist;
				LD_RUNPATH_SEARCH_PATHS = "$(inherited) @executable_path/Frameworks @loader_path/Frameworks";
				PRODUCT_BUNDLE_IDENTIFIER = com.from101.OnTheMapTests;
				PRODUCT_NAME = "$(TARGET_NAME)";
				SWIFT_VERSION = 3.0;
				TEST_HOST = "$(BUILT_PRODUCTS_DIR)/OnTheMap.app/OnTheMap";
			};
			name = Release;
		};
		EE204FCA1DF6E05500D855BA /* Debug */ = {
			isa = XCBuildConfiguration;
			buildSettings = {
				ALWAYS_EMBED_SWIFT_STANDARD_LIBRARIES = YES;
				DEVELOPMENT_TEAM = AR27PDZ76S;
				INFOPLIST_FILE = OnTheMapUITests/Info.plist;
				LD_RUNPATH_SEARCH_PATHS = "$(inherited) @executable_path/Frameworks @loader_path/Frameworks";
				PRODUCT_BUNDLE_IDENTIFIER = com.from101.OnTheMapUITests;
				PRODUCT_NAME = "$(TARGET_NAME)";
				SWIFT_VERSION = 3.0;
				TEST_TARGET_NAME = OnTheMap;
			};
			name = Debug;
		};
		EE204FCB1DF6E05500D855BA /* Release */ = {
			isa = XCBuildConfiguration;
			buildSettings = {
				ALWAYS_EMBED_SWIFT_STANDARD_LIBRARIES = YES;
				DEVELOPMENT_TEAM = AR27PDZ76S;
				INFOPLIST_FILE = OnTheMapUITests/Info.plist;
				LD_RUNPATH_SEARCH_PATHS = "$(inherited) @executable_path/Frameworks @loader_path/Frameworks";
				PRODUCT_BUNDLE_IDENTIFIER = com.from101.OnTheMapUITests;
				PRODUCT_NAME = "$(TARGET_NAME)";
				SWIFT_VERSION = 3.0;
				TEST_TARGET_NAME = OnTheMap;
			};
			name = Release;
		};
/* End XCBuildConfiguration section */

/* Begin XCConfigurationList section */
		EE204F961DF6E05400D855BA /* Build configuration list for PBXProject "OnTheMap" */ = {
			isa = XCConfigurationList;
			buildConfigurations = (
				EE204FC11DF6E05500D855BA /* Debug */,
				EE204FC21DF6E05500D855BA /* Release */,
			);
			defaultConfigurationIsVisible = 0;
			defaultConfigurationName = Release;
		};
		EE204FC31DF6E05500D855BA /* Build configuration list for PBXNativeTarget "OnTheMap" */ = {
			isa = XCConfigurationList;
			buildConfigurations = (
				EE204FC41DF6E05500D855BA /* Debug */,
				EE204FC51DF6E05500D855BA /* Release */,
			);
			defaultConfigurationIsVisible = 0;
			defaultConfigurationName = Release;
		};
		EE204FC61DF6E05500D855BA /* Build configuration list for PBXNativeTarget "OnTheMapTests" */ = {
			isa = XCConfigurationList;
			buildConfigurations = (
				EE204FC71DF6E05500D855BA /* Debug */,
				EE204FC81DF6E05500D855BA /* Release */,
			);
			defaultConfigurationIsVisible = 0;
			defaultConfigurationName = Release;
		};
		EE204FC91DF6E05500D855BA /* Build configuration list for PBXNativeTarget "OnTheMapUITests" */ = {
			isa = XCConfigurationList;
			buildConfigurations = (
				EE204FCA1DF6E05500D855BA /* Debug */,
				EE204FCB1DF6E05500D855BA /* Release */,
			);
			defaultConfigurationIsVisible = 0;
			defaultConfigurationName = Release;
		};
/* End XCConfigurationList section */
	};
	rootObject = EE204F931DF6E05400D855BA /* Project object */;
}
