// !$*UTF8*$!
{
	archiveVersion = 1;
	classes = {
	};
	objectVersion = 46;
	objects = {

/* Begin PBXBuildFile section */
		C2BD2371C787B363DEE61FE5 /* Pods_OnTheMapUITests.framework in Frameworks */ = {isa = PBXBuildFile; fileRef = 75653DCA79B989B87D85A891 /* Pods_OnTheMapUITests.framework */; };
		DA2C4040899DBA5D8083DC1D /* Pods_OnTheMapTests.framework in Frameworks */ = {isa = PBXBuildFile; fileRef = A2554569CC9522DA2FB85156 /* Pods_OnTheMapTests.framework */; };
		EE0CFB821E08F0B000E0120F /* OnTheMapUITests.swift in Sources */ = {isa = PBXBuildFile; fileRef = EE0CFB811E08F0B000E0120F /* OnTheMapUITests.swift */; };
		EE0CFB901E08F0B700E0120F /* OnTheMapTests.swift in Sources */ = {isa = PBXBuildFile; fileRef = EE0CFB8F1E08F0B700E0120F /* OnTheMapTests.swift */; };
		EE1731C91DF7D28000978508 /* UIStackView+Separator.m in Sources */ = {isa = PBXBuildFile; fileRef = EE1731C81DF7D28000978508 /* UIStackView+Separator.m */; };
		EE1731D11DF832B500978508 /* MapViewController.swift in Sources */ = {isa = PBXBuildFile; fileRef = EE1731D01DF832B500978508 /* MapViewController.swift */; };
		EE1731D31DF832CD00978508 /* ListViewController.swift in Sources */ = {isa = PBXBuildFile; fileRef = EE1731D21DF832CD00978508 /* ListViewController.swift */; };
		EE1731DC1DF868AA00978508 /* OTMNavigationItem.swift in Sources */ = {isa = PBXBuildFile; fileRef = EE1731DB1DF868AA00978508 /* OTMNavigationItem.swift */; };
		EE1731E41DF92A4100978508 /* OTMNavigationItemDelegate.swift in Sources */ = {isa = PBXBuildFile; fileRef = EE1731E31DF92A4100978508 /* OTMNavigationItemDelegate.swift */; };
		EE1731E61DF92E4400978508 /* OTMNavigationItemController.swift in Sources */ = {isa = PBXBuildFile; fileRef = EE1731E51DF92E4400978508 /* OTMNavigationItemController.swift */; };
		EE1732261DFA78DF00978508 /* OTMNavigationItemControllerProtocol.swift in Sources */ = {isa = PBXBuildFile; fileRef = EE1732251DFA78DF00978508 /* OTMNavigationItemControllerProtocol.swift */; };
		EE17322D1DFADA4700978508 /* OTMMapViewAnnotation.swift in Sources */ = {isa = PBXBuildFile; fileRef = EE17322C1DFADA4700978508 /* OTMMapViewAnnotation.swift */; };
		EE204F9F1DF6E05400D855BA /* AppDelegate.swift in Sources */ = {isa = PBXBuildFile; fileRef = EE204F9E1DF6E05400D855BA /* AppDelegate.swift */; };
		EE204FA11DF6E05400D855BA /* LoginViewController.swift in Sources */ = {isa = PBXBuildFile; fileRef = EE204FA01DF6E05400D855BA /* LoginViewController.swift */; };
		EE204FA41DF6E05400D855BA /* Main.storyboard in Resources */ = {isa = PBXBuildFile; fileRef = EE204FA21DF6E05400D855BA /* Main.storyboard */; };
		EE204FA61DF6E05400D855BA /* Assets.xcassets in Resources */ = {isa = PBXBuildFile; fileRef = EE204FA51DF6E05400D855BA /* Assets.xcassets */; };
		EE204FA91DF6E05400D855BA /* LaunchScreen.storyboard in Resources */ = {isa = PBXBuildFile; fileRef = EE204FA71DF6E05400D855BA /* LaunchScreen.storyboard */; };
		EE209F031DFEC77B00C82F5C /* InformationPostingViewController.swift in Sources */ = {isa = PBXBuildFile; fileRef = EE209F021DFEC77B00C82F5C /* InformationPostingViewController.swift */; };
		EE7086791EE46D1500C851B0 /* Facebook.swift in Sources */ = {isa = PBXBuildFile; fileRef = EE7086781EE46D1500C851B0 /* Facebook.swift */; };
		EE78012F1ECC59A0008F0724 /* ArtKit.swift in Sources */ = {isa = PBXBuildFile; fileRef = EE78012E1ECC59A0008F0724 /* ArtKit.swift */; };
		EE8AED651ED3E84800125126 /* SimpleAPI.swift in Sources */ = {isa = PBXBuildFile; fileRef = EE8AED641ED3E84800125126 /* SimpleAPI.swift */; };
		EEA929811ECE024700C8A9B0 /* CustomActivityIndicatorView.swift in Sources */ = {isa = PBXBuildFile; fileRef = EEA929621ECE024700C8A9B0 /* CustomActivityIndicatorView.swift */; };
		EEA929821ECE024700C8A9B0 /* Overlay.swift in Sources */ = {isa = PBXBuildFile; fileRef = EEA929631ECE024700C8A9B0 /* Overlay.swift */; };
		EEA929831ECE024700C8A9B0 /* TextField.swift in Sources */ = {isa = PBXBuildFile; fileRef = EEA929641ECE024700C8A9B0 /* TextField.swift */; };
		EEA929841ECE024700C8A9B0 /* ArrayDataSourceController.swift in Sources */ = {isa = PBXBuildFile; fileRef = EEA929661ECE024700C8A9B0 /* ArrayDataSourceController.swift */; };
		EEA929851ECE024700C8A9B0 /* ArrayTableViewDataSource.swift in Sources */ = {isa = PBXBuildFile; fileRef = EEA929681ECE024700C8A9B0 /* ArrayTableViewDataSource.swift */; };
		EEA929861ECE024700C8A9B0 /* MutableArrayTableViewDataSource.swift in Sources */ = {isa = PBXBuildFile; fileRef = EEA929691ECE024700C8A9B0 /* MutableArrayTableViewDataSource.swift */; };
		EEA929871ECE024700C8A9B0 /* Array+Ease.swift in Sources */ = {isa = PBXBuildFile; fileRef = EEA9296B1ECE024700C8A9B0 /* Array+Ease.swift */; };
		EEA929881ECE024700C8A9B0 /* CALayer+Ease.swift in Sources */ = {isa = PBXBuildFile; fileRef = EEA9296C1ECE024700C8A9B0 /* CALayer+Ease.swift */; };
		EEA929891ECE024700C8A9B0 /* String+Ease.swift in Sources */ = {isa = PBXBuildFile; fileRef = EEA9296D1ECE024700C8A9B0 /* String+Ease.swift */; };
		EEA9298A1ECE024700C8A9B0 /* UIBarButtonItem+Ease.swift in Sources */ = {isa = PBXBuildFile; fileRef = EEA9296E1ECE024700C8A9B0 /* UIBarButtonItem+Ease.swift */; };
		EEA9298B1ECE024700C8A9B0 /* UIColor+Ease.swift in Sources */ = {isa = PBXBuildFile; fileRef = EEA9296F1ECE024700C8A9B0 /* UIColor+Ease.swift */; };
		EEA9298C1ECE024700C8A9B0 /* OrderedViewsRespondToReturnKey.swift in Sources */ = {isa = PBXBuildFile; fileRef = EEA929711ECE024700C8A9B0 /* OrderedViewsRespondToReturnKey.swift */; };
		EEA9298D1ECE024700C8A9B0 /* Default.swift in Sources */ = {isa = PBXBuildFile; fileRef = EEA929731ECE024700C8A9B0 /* Default.swift */; };
		EEA9298E1ECE024700C8A9B0 /* Error_.swift in Sources */ = {isa = PBXBuildFile; fileRef = EEA929741ECE024700C8A9B0 /* Error_.swift */; };
		EEA9298F1ECE024700C8A9B0 /* Basic+Random.swift in Sources */ = {isa = PBXBuildFile; fileRef = EEA929761ECE024700C8A9B0 /* Basic+Random.swift */; };
		EEA929901ECE024700C8A9B0 /* CG+Random.swift in Sources */ = {isa = PBXBuildFile; fileRef = EEA929771ECE024700C8A9B0 /* CG+Random.swift */; };
		EEA929911ECE024700C8A9B0 /* MKMapView+Random.swift in Sources */ = {isa = PBXBuildFile; fileRef = EEA929781ECE024700C8A9B0 /* MKMapView+Random.swift */; };
		EEA929921ECE024700C8A9B0 /* Default+Random.swift in Sources */ = {isa = PBXBuildFile; fileRef = EEA9297A1ECE024700C8A9B0 /* Default+Random.swift */; };
		EEA929931ECE024700C8A9B0 /* Error_+Random.swift in Sources */ = {isa = PBXBuildFile; fileRef = EEA9297B1ECE024700C8A9B0 /* Error_+Random.swift */; };
		EEA929941ECE024700C8A9B0 /* UIColor+Random.swift in Sources */ = {isa = PBXBuildFile; fileRef = EEA9297C1ECE024700C8A9B0 /* UIColor+Random.swift */; };
		EEA929951ECE024700C8A9B0 /* UIView+Fadeable.swift in Sources */ = {isa = PBXBuildFile; fileRef = EEA9297E1ECE024700C8A9B0 /* UIView+Fadeable.swift */; };
		EEB0C7971EE246470072773F /* GoogleService-Info.plist in Resources */ = {isa = PBXBuildFile; fileRef = EEB0C7961EE246470072773F /* GoogleService-Info.plist */; };
		EEB0C79A1EE291660072773F /* Roboto-Medium.ttf in Resources */ = {isa = PBXBuildFile; fileRef = EEB0C7991EE291660072773F /* Roboto-Medium.ttf */; };
		EEB0C79D1EE30CFC0072773F /* GIDSignInDelegate+Configure.swift in Sources */ = {isa = PBXBuildFile; fileRef = EEB0C79C1EE30CFC0072773F /* GIDSignInDelegate+Configure.swift */; };
		EEE21F191ECF1335007399A0 /* Default+App.swift in Sources */ = {isa = PBXBuildFile; fileRef = EEE21F181ECF1335007399A0 /* Default+App.swift */; };
		EEE21F1B1ECF8446007399A0 /* BusyView.swift in Sources */ = {isa = PBXBuildFile; fileRef = EEE21F1A1ECF8446007399A0 /* BusyView.swift */; };
		EEE21F1D1ED00A73007399A0 /* UIView+StackView.swift in Sources */ = {isa = PBXBuildFile; fileRef = EEE21F1C1ED00A73007399A0 /* UIView+StackView.swift */; };
		EEEE9DAC1EDDA84C000D49C9 /* OTMModel.swift in Sources */ = {isa = PBXBuildFile; fileRef = EEEE9DAB1EDDA84C000D49C9 /* OTMModel.swift */; };
		EEEE9DAE1EDDBED2000D49C9 /* Error_+App.swift in Sources */ = {isa = PBXBuildFile; fileRef = EEEE9DAD1EDDBED2000D49C9 /* Error_+App.swift */; };
		EEEE9DB01EDE7DDE000D49C9 /* TabBarController.swift in Sources */ = {isa = PBXBuildFile; fileRef = EEEE9DAF1EDE7DDE000D49C9 /* TabBarController.swift */; };
		EEEE9DB51EE07C86000D49C9 /* ArtKit+Appearance.swift in Sources */ = {isa = PBXBuildFile; fileRef = EEEE9DB31EE07C86000D49C9 /* ArtKit+Appearance.swift */; };
		EEEE9DB61EE07C86000D49C9 /* Default+Artkit.swift in Sources */ = {isa = PBXBuildFile; fileRef = EEEE9DB41EE07C86000D49C9 /* Default+Artkit.swift */; };
		EEEF86FE1ED4B87F004BB0D9 /* Udacity.swift in Sources */ = {isa = PBXBuildFile; fileRef = EEEF86FD1ED4B87F004BB0D9 /* Udacity.swift */; };
		EEEF87001ED92E74004BB0D9 /* URLRequest+Ease.swift in Sources */ = {isa = PBXBuildFile; fileRef = EEEF86FF1ED92E74004BB0D9 /* URLRequest+Ease.swift */; };
		EEEF87041EDBE929004BB0D9 /* Dictionary+Ease.swift in Sources */ = {isa = PBXBuildFile; fileRef = EEEF87031EDBE929004BB0D9 /* Dictionary+Ease.swift */; };
		EEEF87061EDD3311004BB0D9 /* Default+Udacity.swift in Sources */ = {isa = PBXBuildFile; fileRef = EEEF87051EDD3311004BB0D9 /* Default+Udacity.swift */; };
		EEEF87081EDD3327004BB0D9 /* Error_+Udacity.swift in Sources */ = {isa = PBXBuildFile; fileRef = EEEF87071EDD3327004BB0D9 /* Error_+Udacity.swift */; };
		EEF4DA441ED2AB0700DE0988 /* Network.swift in Sources */ = {isa = PBXBuildFile; fileRef = EEF4DA431ED2AB0700DE0988 /* Network.swift */; };
		F669AC35BF432BFAFDD7E3EC /* Pods_OnTheMap.framework in Frameworks */ = {isa = PBXBuildFile; fileRef = 454FBA4B22496CEAE8597EE0 /* Pods_OnTheMap.framework */; };
/* End PBXBuildFile section */

/* Begin PBXContainerItemProxy section */
		EE0CFB841E08F0B000E0120F /* PBXContainerItemProxy */ = {
			isa = PBXContainerItemProxy;
			containerPortal = EE204F931DF6E05400D855BA /* Project object */;
			proxyType = 1;
			remoteGlobalIDString = EE204F9A1DF6E05400D855BA;
			remoteInfo = OnTheMap;
		};
		EE0CFB921E08F0B700E0120F /* PBXContainerItemProxy */ = {
			isa = PBXContainerItemProxy;
			containerPortal = EE204F931DF6E05400D855BA /* Project object */;
			proxyType = 1;
			remoteGlobalIDString = EE204F9A1DF6E05400D855BA;
			remoteInfo = OnTheMap;
		};
/* End PBXContainerItemProxy section */

/* Begin PBXCopyFilesBuildPhase section */
		EEB827671E0293BD00880D62 /* Embed Frameworks */ = {
			isa = PBXCopyFilesBuildPhase;
			buildActionMask = 2147483647;
			dstPath = "";
			dstSubfolderSpec = 10;
			files = (
			);
			name = "Embed Frameworks";
			runOnlyForDeploymentPostprocessing = 0;
		};
/* End PBXCopyFilesBuildPhase section */

/* Begin PBXFileReference section */
		14C15C0DC38341D924040470 /* Pods-OnTheMapUITests.debug.xcconfig */ = {isa = PBXFileReference; includeInIndex = 1; lastKnownFileType = text.xcconfig; name = "Pods-OnTheMapUITests.debug.xcconfig"; path = "Pods/Target Support Files/Pods-OnTheMapUITests/Pods-OnTheMapUITests.debug.xcconfig"; sourceTree = "<group>"; };
		454FBA4B22496CEAE8597EE0 /* Pods_OnTheMap.framework */ = {isa = PBXFileReference; explicitFileType = wrapper.framework; includeInIndex = 0; path = Pods_OnTheMap.framework; sourceTree = BUILT_PRODUCTS_DIR; };
		4CB2A1F5F84B8421B030F96A /* Pods-OnTheMap.release.xcconfig */ = {isa = PBXFileReference; includeInIndex = 1; lastKnownFileType = text.xcconfig; name = "Pods-OnTheMap.release.xcconfig"; path = "Pods/Target Support Files/Pods-OnTheMap/Pods-OnTheMap.release.xcconfig"; sourceTree = "<group>"; };
		75653DCA79B989B87D85A891 /* Pods_OnTheMapUITests.framework */ = {isa = PBXFileReference; explicitFileType = wrapper.framework; includeInIndex = 0; path = Pods_OnTheMapUITests.framework; sourceTree = BUILT_PRODUCTS_DIR; };
		A2554569CC9522DA2FB85156 /* Pods_OnTheMapTests.framework */ = {isa = PBXFileReference; explicitFileType = wrapper.framework; includeInIndex = 0; path = Pods_OnTheMapTests.framework; sourceTree = BUILT_PRODUCTS_DIR; };
		A8F03E05C9CA8A22A1A3C539 /* Pods-OnTheMapTests.release.xcconfig */ = {isa = PBXFileReference; includeInIndex = 1; lastKnownFileType = text.xcconfig; name = "Pods-OnTheMapTests.release.xcconfig"; path = "Pods/Target Support Files/Pods-OnTheMapTests/Pods-OnTheMapTests.release.xcconfig"; sourceTree = "<group>"; };
		BD89FE043AFA873B29FF7741 /* Pods-OnTheMapTests.debug.xcconfig */ = {isa = PBXFileReference; includeInIndex = 1; lastKnownFileType = text.xcconfig; name = "Pods-OnTheMapTests.debug.xcconfig"; path = "Pods/Target Support Files/Pods-OnTheMapTests/Pods-OnTheMapTests.debug.xcconfig"; sourceTree = "<group>"; };
		CF443D6B4459D5465363C823 /* Pods-OnTheMap.debug.xcconfig */ = {isa = PBXFileReference; includeInIndex = 1; lastKnownFileType = text.xcconfig; name = "Pods-OnTheMap.debug.xcconfig"; path = "Pods/Target Support Files/Pods-OnTheMap/Pods-OnTheMap.debug.xcconfig"; sourceTree = "<group>"; };
		EE0CFB7F1E08F0B000E0120F /* OnTheMapUITests.xctest */ = {isa = PBXFileReference; explicitFileType = wrapper.cfbundle; includeInIndex = 0; path = OnTheMapUITests.xctest; sourceTree = BUILT_PRODUCTS_DIR; };
		EE0CFB811E08F0B000E0120F /* OnTheMapUITests.swift */ = {isa = PBXFileReference; lastKnownFileType = sourcecode.swift; path = OnTheMapUITests.swift; sourceTree = "<group>"; };
		EE0CFB831E08F0B000E0120F /* Info.plist */ = {isa = PBXFileReference; lastKnownFileType = text.plist.xml; path = Info.plist; sourceTree = "<group>"; };
		EE0CFB8D1E08F0B700E0120F /* OnTheMapTests.xctest */ = {isa = PBXFileReference; explicitFileType = wrapper.cfbundle; includeInIndex = 0; path = OnTheMapTests.xctest; sourceTree = BUILT_PRODUCTS_DIR; };
		EE0CFB8F1E08F0B700E0120F /* OnTheMapTests.swift */ = {isa = PBXFileReference; lastKnownFileType = sourcecode.swift; path = OnTheMapTests.swift; sourceTree = "<group>"; };
		EE0CFB911E08F0B700E0120F /* Info.plist */ = {isa = PBXFileReference; lastKnownFileType = text.plist.xml; path = Info.plist; sourceTree = "<group>"; };
		EE1731C61DF7D27F00978508 /* OnTheMap-Bridging-Header.h */ = {isa = PBXFileReference; lastKnownFileType = sourcecode.c.h; path = "OnTheMap-Bridging-Header.h"; sourceTree = "<group>"; };
		EE1731C71DF7D28000978508 /* UIStackView+Separator.h */ = {isa = PBXFileReference; fileEncoding = 4; lastKnownFileType = sourcecode.c.h; path = "UIStackView+Separator.h"; sourceTree = "<group>"; };
		EE1731C81DF7D28000978508 /* UIStackView+Separator.m */ = {isa = PBXFileReference; fileEncoding = 4; lastKnownFileType = sourcecode.c.objc; path = "UIStackView+Separator.m"; sourceTree = "<group>"; };
		EE1731D01DF832B500978508 /* MapViewController.swift */ = {isa = PBXFileReference; fileEncoding = 4; lastKnownFileType = sourcecode.swift; path = MapViewController.swift; sourceTree = "<group>"; };
		EE1731D21DF832CD00978508 /* ListViewController.swift */ = {isa = PBXFileReference; fileEncoding = 4; lastKnownFileType = sourcecode.swift; path = ListViewController.swift; sourceTree = "<group>"; };
		EE1731DB1DF868AA00978508 /* OTMNavigationItem.swift */ = {isa = PBXFileReference; fileEncoding = 4; lastKnownFileType = sourcecode.swift; path = OTMNavigationItem.swift; sourceTree = "<group>"; };
		EE1731E31DF92A4100978508 /* OTMNavigationItemDelegate.swift */ = {isa = PBXFileReference; fileEncoding = 4; lastKnownFileType = sourcecode.swift; path = OTMNavigationItemDelegate.swift; sourceTree = "<group>"; };
		EE1731E51DF92E4400978508 /* OTMNavigationItemController.swift */ = {isa = PBXFileReference; fileEncoding = 4; lastKnownFileType = sourcecode.swift; path = OTMNavigationItemController.swift; sourceTree = "<group>"; };
		EE1732251DFA78DF00978508 /* OTMNavigationItemControllerProtocol.swift */ = {isa = PBXFileReference; fileEncoding = 4; lastKnownFileType = sourcecode.swift; path = OTMNavigationItemControllerProtocol.swift; sourceTree = "<group>"; };
		EE17322C1DFADA4700978508 /* OTMMapViewAnnotation.swift */ = {isa = PBXFileReference; fileEncoding = 4; lastKnownFileType = sourcecode.swift; path = OTMMapViewAnnotation.swift; sourceTree = "<group>"; };
		EE204F9B1DF6E05400D855BA /* OnTheMap.app */ = {isa = PBXFileReference; explicitFileType = wrapper.application; includeInIndex = 0; path = OnTheMap.app; sourceTree = BUILT_PRODUCTS_DIR; };
		EE204F9E1DF6E05400D855BA /* AppDelegate.swift */ = {isa = PBXFileReference; lastKnownFileType = sourcecode.swift; path = AppDelegate.swift; sourceTree = "<group>"; };
		EE204FA01DF6E05400D855BA /* LoginViewController.swift */ = {isa = PBXFileReference; lastKnownFileType = sourcecode.swift; path = LoginViewController.swift; sourceTree = "<group>"; };
		EE204FA31DF6E05400D855BA /* Base */ = {isa = PBXFileReference; lastKnownFileType = file.storyboard; name = Base; path = Base.lproj/Main.storyboard; sourceTree = "<group>"; };
		EE204FA51DF6E05400D855BA /* Assets.xcassets */ = {isa = PBXFileReference; lastKnownFileType = folder.assetcatalog; path = Assets.xcassets; sourceTree = "<group>"; };
		EE204FA81DF6E05400D855BA /* Base */ = {isa = PBXFileReference; lastKnownFileType = file.storyboard; name = Base; path = Base.lproj/LaunchScreen.storyboard; sourceTree = "<group>"; };
		EE204FAA1DF6E05400D855BA /* Info.plist */ = {isa = PBXFileReference; lastKnownFileType = text.plist.xml; path = Info.plist; sourceTree = "<group>"; };
		EE209F021DFEC77B00C82F5C /* InformationPostingViewController.swift */ = {isa = PBXFileReference; fileEncoding = 4; lastKnownFileType = sourcecode.swift; path = InformationPostingViewController.swift; sourceTree = "<group>"; };
		EE7086781EE46D1500C851B0 /* Facebook.swift */ = {isa = PBXFileReference; fileEncoding = 4; lastKnownFileType = sourcecode.swift; path = Facebook.swift; sourceTree = "<group>"; };
		EE78012E1ECC59A0008F0724 /* ArtKit.swift */ = {isa = PBXFileReference; fileEncoding = 4; lastKnownFileType = sourcecode.swift; path = ArtKit.swift; sourceTree = "<group>"; };
		EE8AED641ED3E84800125126 /* SimpleAPI.swift */ = {isa = PBXFileReference; fileEncoding = 4; lastKnownFileType = sourcecode.swift; path = SimpleAPI.swift; sourceTree = "<group>"; };
		EEA929621ECE024700C8A9B0 /* CustomActivityIndicatorView.swift */ = {isa = PBXFileReference; fileEncoding = 4; lastKnownFileType = sourcecode.swift; path = CustomActivityIndicatorView.swift; sourceTree = "<group>"; };
		EEA929631ECE024700C8A9B0 /* Overlay.swift */ = {isa = PBXFileReference; fileEncoding = 4; lastKnownFileType = sourcecode.swift; path = Overlay.swift; sourceTree = "<group>"; };
		EEA929641ECE024700C8A9B0 /* TextField.swift */ = {isa = PBXFileReference; fileEncoding = 4; lastKnownFileType = sourcecode.swift; path = TextField.swift; sourceTree = "<group>"; };
		EEA929661ECE024700C8A9B0 /* ArrayDataSourceController.swift */ = {isa = PBXFileReference; fileEncoding = 4; lastKnownFileType = sourcecode.swift; path = ArrayDataSourceController.swift; sourceTree = "<group>"; };
		EEA929681ECE024700C8A9B0 /* ArrayTableViewDataSource.swift */ = {isa = PBXFileReference; fileEncoding = 4; lastKnownFileType = sourcecode.swift; path = ArrayTableViewDataSource.swift; sourceTree = "<group>"; };
		EEA929691ECE024700C8A9B0 /* MutableArrayTableViewDataSource.swift */ = {isa = PBXFileReference; fileEncoding = 4; lastKnownFileType = sourcecode.swift; path = MutableArrayTableViewDataSource.swift; sourceTree = "<group>"; };
		EEA9296B1ECE024700C8A9B0 /* Array+Ease.swift */ = {isa = PBXFileReference; fileEncoding = 4; lastKnownFileType = sourcecode.swift; path = "Array+Ease.swift"; sourceTree = "<group>"; };
		EEA9296C1ECE024700C8A9B0 /* CALayer+Ease.swift */ = {isa = PBXFileReference; fileEncoding = 4; lastKnownFileType = sourcecode.swift; path = "CALayer+Ease.swift"; sourceTree = "<group>"; };
		EEA9296D1ECE024700C8A9B0 /* String+Ease.swift */ = {isa = PBXFileReference; fileEncoding = 4; lastKnownFileType = sourcecode.swift; path = "String+Ease.swift"; sourceTree = "<group>"; };
		EEA9296E1ECE024700C8A9B0 /* UIBarButtonItem+Ease.swift */ = {isa = PBXFileReference; fileEncoding = 4; lastKnownFileType = sourcecode.swift; path = "UIBarButtonItem+Ease.swift"; sourceTree = "<group>"; };
		EEA9296F1ECE024700C8A9B0 /* UIColor+Ease.swift */ = {isa = PBXFileReference; fileEncoding = 4; lastKnownFileType = sourcecode.swift; path = "UIColor+Ease.swift"; sourceTree = "<group>"; };
		EEA929711ECE024700C8A9B0 /* OrderedViewsRespondToReturnKey.swift */ = {isa = PBXFileReference; fileEncoding = 4; lastKnownFileType = sourcecode.swift; path = OrderedViewsRespondToReturnKey.swift; sourceTree = "<group>"; };
		EEA929731ECE024700C8A9B0 /* Default.swift */ = {isa = PBXFileReference; fileEncoding = 4; lastKnownFileType = sourcecode.swift; path = Default.swift; sourceTree = "<group>"; };
		EEA929741ECE024700C8A9B0 /* Error_.swift */ = {isa = PBXFileReference; fileEncoding = 4; lastKnownFileType = sourcecode.swift; path = Error_.swift; sourceTree = "<group>"; };
		EEA929761ECE024700C8A9B0 /* Basic+Random.swift */ = {isa = PBXFileReference; fileEncoding = 4; lastKnownFileType = sourcecode.swift; path = "Basic+Random.swift"; sourceTree = "<group>"; };
		EEA929771ECE024700C8A9B0 /* CG+Random.swift */ = {isa = PBXFileReference; fileEncoding = 4; lastKnownFileType = sourcecode.swift; path = "CG+Random.swift"; sourceTree = "<group>"; };
		EEA929781ECE024700C8A9B0 /* MKMapView+Random.swift */ = {isa = PBXFileReference; fileEncoding = 4; lastKnownFileType = sourcecode.swift; path = "MKMapView+Random.swift"; sourceTree = "<group>"; };
		EEA9297A1ECE024700C8A9B0 /* Default+Random.swift */ = {isa = PBXFileReference; fileEncoding = 4; lastKnownFileType = sourcecode.swift; path = "Default+Random.swift"; sourceTree = "<group>"; };
		EEA9297B1ECE024700C8A9B0 /* Error_+Random.swift */ = {isa = PBXFileReference; fileEncoding = 4; lastKnownFileType = sourcecode.swift; path = "Error_+Random.swift"; sourceTree = "<group>"; };
		EEA9297C1ECE024700C8A9B0 /* UIColor+Random.swift */ = {isa = PBXFileReference; fileEncoding = 4; lastKnownFileType = sourcecode.swift; path = "UIColor+Random.swift"; sourceTree = "<group>"; };
		EEA9297E1ECE024700C8A9B0 /* UIView+Fadeable.swift */ = {isa = PBXFileReference; fileEncoding = 4; lastKnownFileType = sourcecode.swift; path = "UIView+Fadeable.swift"; sourceTree = "<group>"; };
		EEB0C7961EE246470072773F /* GoogleService-Info.plist */ = {isa = PBXFileReference; fileEncoding = 4; lastKnownFileType = text.plist.xml; path = "GoogleService-Info.plist"; sourceTree = "<group>"; };
		EEB0C7991EE291660072773F /* Roboto-Medium.ttf */ = {isa = PBXFileReference; lastKnownFileType = file; path = "Roboto-Medium.ttf"; sourceTree = "<group>"; };
		EEB0C79C1EE30CFC0072773F /* GIDSignInDelegate+Configure.swift */ = {isa = PBXFileReference; fileEncoding = 4; lastKnownFileType = sourcecode.swift; path = "GIDSignInDelegate+Configure.swift"; sourceTree = "<group>"; };
		EEE21F181ECF1335007399A0 /* Default+App.swift */ = {isa = PBXFileReference; fileEncoding = 4; lastKnownFileType = sourcecode.swift; path = "Default+App.swift"; sourceTree = "<group>"; };
		EEE21F1A1ECF8446007399A0 /* BusyView.swift */ = {isa = PBXFileReference; fileEncoding = 4; lastKnownFileType = sourcecode.swift; path = BusyView.swift; sourceTree = "<group>"; };
		EEE21F1C1ED00A73007399A0 /* UIView+StackView.swift */ = {isa = PBXFileReference; fileEncoding = 4; lastKnownFileType = sourcecode.swift; path = "UIView+StackView.swift"; sourceTree = "<group>"; };
		EEEE9DAB1EDDA84C000D49C9 /* OTMModel.swift */ = {isa = PBXFileReference; fileEncoding = 4; lastKnownFileType = sourcecode.swift; path = OTMModel.swift; sourceTree = "<group>"; };
		EEEE9DAD1EDDBED2000D49C9 /* Error_+App.swift */ = {isa = PBXFileReference; fileEncoding = 4; lastKnownFileType = sourcecode.swift; path = "Error_+App.swift"; sourceTree = "<group>"; };
		EEEE9DAF1EDE7DDE000D49C9 /* TabBarController.swift */ = {isa = PBXFileReference; fileEncoding = 4; lastKnownFileType = sourcecode.swift; path = TabBarController.swift; sourceTree = "<group>"; };
		EEEE9DB31EE07C86000D49C9 /* ArtKit+Appearance.swift */ = {isa = PBXFileReference; fileEncoding = 4; lastKnownFileType = sourcecode.swift; path = "ArtKit+Appearance.swift"; sourceTree = "<group>"; };
		EEEE9DB41EE07C86000D49C9 /* Default+Artkit.swift */ = {isa = PBXFileReference; fileEncoding = 4; lastKnownFileType = sourcecode.swift; path = "Default+Artkit.swift"; sourceTree = "<group>"; };
		EEEF86FD1ED4B87F004BB0D9 /* Udacity.swift */ = {isa = PBXFileReference; fileEncoding = 4; lastKnownFileType = sourcecode.swift; path = Udacity.swift; sourceTree = "<group>"; };
		EEEF86FF1ED92E74004BB0D9 /* URLRequest+Ease.swift */ = {isa = PBXFileReference; fileEncoding = 4; lastKnownFileType = sourcecode.swift; path = "URLRequest+Ease.swift"; sourceTree = "<group>"; };
		EEEF87031EDBE929004BB0D9 /* Dictionary+Ease.swift */ = {isa = PBXFileReference; fileEncoding = 4; lastKnownFileType = sourcecode.swift; path = "Dictionary+Ease.swift"; sourceTree = "<group>"; };
		EEEF87051EDD3311004BB0D9 /* Default+Udacity.swift */ = {isa = PBXFileReference; fileEncoding = 4; lastKnownFileType = sourcecode.swift; path = "Default+Udacity.swift"; sourceTree = "<group>"; };
		EEEF87071EDD3327004BB0D9 /* Error_+Udacity.swift */ = {isa = PBXFileReference; fileEncoding = 4; lastKnownFileType = sourcecode.swift; path = "Error_+Udacity.swift"; sourceTree = "<group>"; };
		EEF4DA431ED2AB0700DE0988 /* Network.swift */ = {isa = PBXFileReference; fileEncoding = 4; lastKnownFileType = sourcecode.swift; path = Network.swift; sourceTree = "<group>"; };
		FCEC7E8930B36FE978D0949C /* Pods-OnTheMapUITests.release.xcconfig */ = {isa = PBXFileReference; includeInIndex = 1; lastKnownFileType = text.xcconfig; name = "Pods-OnTheMapUITests.release.xcconfig"; path = "Pods/Target Support Files/Pods-OnTheMapUITests/Pods-OnTheMapUITests.release.xcconfig"; sourceTree = "<group>"; };
/* End PBXFileReference section */

/* Begin PBXFrameworksBuildPhase section */
		EE0CFB7C1E08F0B000E0120F /* Frameworks */ = {
			isa = PBXFrameworksBuildPhase;
			buildActionMask = 2147483647;
			files = (
				C2BD2371C787B363DEE61FE5 /* Pods_OnTheMapUITests.framework in Frameworks */,
			);
			runOnlyForDeploymentPostprocessing = 0;
		};
		EE0CFB8A1E08F0B700E0120F /* Frameworks */ = {
			isa = PBXFrameworksBuildPhase;
			buildActionMask = 2147483647;
			files = (
				DA2C4040899DBA5D8083DC1D /* Pods_OnTheMapTests.framework in Frameworks */,
			);
			runOnlyForDeploymentPostprocessing = 0;
		};
		EE204F981DF6E05400D855BA /* Frameworks */ = {
			isa = PBXFrameworksBuildPhase;
			buildActionMask = 2147483647;
			files = (
				F669AC35BF432BFAFDD7E3EC /* Pods_OnTheMap.framework in Frameworks */,
			);
			runOnlyForDeploymentPostprocessing = 0;
		};
/* End PBXFrameworksBuildPhase section */

/* Begin PBXGroup section */
		1D18C67C7F8EA329213141CE /* Frameworks */ = {
			isa = PBXGroup;
			children = (
				454FBA4B22496CEAE8597EE0 /* Pods_OnTheMap.framework */,
				A2554569CC9522DA2FB85156 /* Pods_OnTheMapTests.framework */,
				75653DCA79B989B87D85A891 /* Pods_OnTheMapUITests.framework */,
			);
			name = Frameworks;
			sourceTree = "<group>";
		};
		AD2FF96E44C5053CFC337DB1 /* Pods */ = {
			isa = PBXGroup;
			children = (
				CF443D6B4459D5465363C823 /* Pods-OnTheMap.debug.xcconfig */,
				4CB2A1F5F84B8421B030F96A /* Pods-OnTheMap.release.xcconfig */,
				BD89FE043AFA873B29FF7741 /* Pods-OnTheMapTests.debug.xcconfig */,
				A8F03E05C9CA8A22A1A3C539 /* Pods-OnTheMapTests.release.xcconfig */,
				14C15C0DC38341D924040470 /* Pods-OnTheMapUITests.debug.xcconfig */,
				FCEC7E8930B36FE978D0949C /* Pods-OnTheMapUITests.release.xcconfig */,
			);
			name = Pods;
			sourceTree = "<group>";
		};
		EE0CFB801E08F0B000E0120F /* OnTheMapUITests */ = {
			isa = PBXGroup;
			children = (
				EE0CFB811E08F0B000E0120F /* OnTheMapUITests.swift */,
				EE0CFB831E08F0B000E0120F /* Info.plist */,
			);
			path = OnTheMapUITests;
			sourceTree = "<group>";
		};
		EE0CFB8E1E08F0B700E0120F /* OnTheMapTests */ = {
			isa = PBXGroup;
			children = (
				EE0CFB8F1E08F0B700E0120F /* OnTheMapTests.swift */,
				EE0CFB911E08F0B700E0120F /* Info.plist */,
			);
			path = OnTheMapTests;
			sourceTree = "<group>";
		};
		EE1731CA1DF7D61000978508 /* CVStackViewSeparator */ = {
			isa = PBXGroup;
			children = (
				EE1731C71DF7D28000978508 /* UIStackView+Separator.h */,
				EE1731C81DF7D28000978508 /* UIStackView+Separator.m */,
			);
			path = CVStackViewSeparator;
			sourceTree = "<group>";
		};
		EE1731CD1DF7EE8800978508 /* Controller */ = {
			isa = PBXGroup;
			children = (
				EE204FA01DF6E05400D855BA /* LoginViewController.swift */,
				EE1731D01DF832B500978508 /* MapViewController.swift */,
				EE1731D21DF832CD00978508 /* ListViewController.swift */,
				EE209F021DFEC77B00C82F5C /* InformationPostingViewController.swift */,
				EE1731E51DF92E4400978508 /* OTMNavigationItemController.swift */,
				EE1732251DFA78DF00978508 /* OTMNavigationItemControllerProtocol.swift */,
				EEEE9DAF1EDE7DDE000D49C9 /* TabBarController.swift */,
			);
			path = Controller;
			sourceTree = "<group>";
		};
		EE1731CE1DF7EEA000978508 /* Model */ = {
			isa = PBXGroup;
			children = (
				EEEE9DAB1EDDA84C000D49C9 /* OTMModel.swift */,
			);
			path = Model;
			sourceTree = "<group>";
		};
		EE1731CF1DF7EEAB00978508 /* View */ = {
			isa = PBXGroup;
			children = (
				EE7801301ECC59A4008F0724 /* ArtKit */,
				EE1731DB1DF868AA00978508 /* OTMNavigationItem.swift */,
				EE1731E31DF92A4100978508 /* OTMNavigationItemDelegate.swift */,
				EE17322C1DFADA4700978508 /* OTMMapViewAnnotation.swift */,
			);
			path = View;
			sourceTree = "<group>";
		};
		EE1731D61DF859ED00978508 /* Assets */ = {
			isa = PBXGroup;
			children = (
				EEB0C7981EE291660072773F /* Fonts */,
				EE204FA21DF6E05400D855BA /* Main.storyboard */,
				EE204FA51DF6E05400D855BA /* Assets.xcassets */,
				EE204FA71DF6E05400D855BA /* LaunchScreen.storyboard */,
			);
			name = Assets;
			sourceTree = "<group>";
		};
		EE204F921DF6E05400D855BA = {
			isa = PBXGroup;
			children = (
				EE7801311ECC5AEC008F0724 /* ThirdParty */,
				EEA9295D1ECE024700C8A9B0 /* Reusable */,
				EE204F9D1DF6E05400D855BA /* OnTheMap */,
				EE0CFB801E08F0B000E0120F /* OnTheMapUITests */,
				EE0CFB8E1E08F0B700E0120F /* OnTheMapTests */,
				EE204F9C1DF6E05400D855BA /* Products */,
				AD2FF96E44C5053CFC337DB1 /* Pods */,
				1D18C67C7F8EA329213141CE /* Frameworks */,
			);
			sourceTree = "<group>";
		};
		EE204F9C1DF6E05400D855BA /* Products */ = {
			isa = PBXGroup;
			children = (
				EE204F9B1DF6E05400D855BA /* OnTheMap.app */,
				EE0CFB7F1E08F0B000E0120F /* OnTheMapUITests.xctest */,
				EE0CFB8D1E08F0B700E0120F /* OnTheMapTests.xctest */,
			);
			name = Products;
			sourceTree = "<group>";
		};
		EE204F9D1DF6E05400D855BA /* OnTheMap */ = {
			isa = PBXGroup;
			children = (
				EEE21F181ECF1335007399A0 /* Default+App.swift */,
				EEEE9DAD1EDDBED2000D49C9 /* Error_+App.swift */,
				EE1731C61DF7D27F00978508 /* OnTheMap-Bridging-Header.h */,
				EE1731CE1DF7EEA000978508 /* Model */,
				EE1731CF1DF7EEAB00978508 /* View */,
				EE1731CD1DF7EE8800978508 /* Controller */,
				EE204F9E1DF6E05400D855BA /* AppDelegate.swift */,
				EE1731D61DF859ED00978508 /* Assets */,
				EE204FAA1DF6E05400D855BA /* Info.plist */,
				EEB0C7961EE246470072773F /* GoogleService-Info.plist */,
			);
			path = OnTheMap;
			sourceTree = "<group>";
		};
		EE7086771EE46CA000C851B0 /* Facebook */ = {
			isa = PBXGroup;
			children = (
				EE7086781EE46D1500C851B0 /* Facebook.swift */,
			);
			path = Facebook;
			sourceTree = "<group>";
		};
		EE7801301ECC59A4008F0724 /* ArtKit */ = {
			isa = PBXGroup;
			children = (
				EEEE9DB41EE07C86000D49C9 /* Default+Artkit.swift */,
				EE78012E1ECC59A0008F0724 /* ArtKit.swift */,
				EEEE9DB31EE07C86000D49C9 /* ArtKit+Appearance.swift */,
			);
			path = ArtKit;
			sourceTree = "<group>";
		};
		EE7801311ECC5AEC008F0724 /* ThirdParty */ = {
			isa = PBXGroup;
			children = (
				EE1731CA1DF7D61000978508 /* CVStackViewSeparator */,
			);
			path = ThirdParty;
			sourceTree = "<group>";
		};
		EEA9295D1ECE024700C8A9B0 /* Reusable */ = {
			isa = PBXGroup;
			children = (
				EEA929721ECE024700C8A9B0 /* MustImport */,
				EEEF86F81ED4B7AF004BB0D9 /* API */,
				EEA9295E1ECE024700C8A9B0 /* CustomViews */,
				EEA929651ECE024700C8A9B0 /* DataSource */,
				EEA9296A1ECE024700C8A9B0 /* EaseExtensions */,
				EEA929701ECE024700C8A9B0 /* Keyboard */,
				EEF4DA421ED2AB0700DE0988 /* Networking */,
				EEA929751ECE024700C8A9B0 /* Random */,
				EEA9297D1ECE024700C8A9B0 /* UIView */,
			);
			path = Reusable;
			sourceTree = "<group>";
		};
		EEA9295E1ECE024700C8A9B0 /* CustomViews */ = {
			isa = PBXGroup;
			children = (
				EEE21F1A1ECF8446007399A0 /* BusyView.swift */,
				EEA929621ECE024700C8A9B0 /* CustomActivityIndicatorView.swift */,
				EEA929631ECE024700C8A9B0 /* Overlay.swift */,
				EEA929641ECE024700C8A9B0 /* TextField.swift */,
			);
			path = CustomViews;
			sourceTree = "<group>";
		};
		EEA929651ECE024700C8A9B0 /* DataSource */ = {
			isa = PBXGroup;
			children = (
				EEA929661ECE024700C8A9B0 /* ArrayDataSourceController.swift */,
				EEA929671ECE024700C8A9B0 /* UITableView */,
			);
			path = DataSource;
			sourceTree = "<group>";
		};
		EEA929671ECE024700C8A9B0 /* UITableView */ = {
			isa = PBXGroup;
			children = (
				EEA929681ECE024700C8A9B0 /* ArrayTableViewDataSource.swift */,
				EEA929691ECE024700C8A9B0 /* MutableArrayTableViewDataSource.swift */,
			);
			path = UITableView;
			sourceTree = "<group>";
		};
		EEA9296A1ECE024700C8A9B0 /* EaseExtensions */ = {
			isa = PBXGroup;
			children = (
				EEA9296B1ECE024700C8A9B0 /* Array+Ease.swift */,
				EEA9296C1ECE024700C8A9B0 /* CALayer+Ease.swift */,
				EEEF87031EDBE929004BB0D9 /* Dictionary+Ease.swift */,
				EEA9296D1ECE024700C8A9B0 /* String+Ease.swift */,
				EEA9296E1ECE024700C8A9B0 /* UIBarButtonItem+Ease.swift */,
				EEA9296F1ECE024700C8A9B0 /* UIColor+Ease.swift */,
				EEEF86FF1ED92E74004BB0D9 /* URLRequest+Ease.swift */,
			);
			path = EaseExtensions;
			sourceTree = "<group>";
		};
		EEA929701ECE024700C8A9B0 /* Keyboard */ = {
			isa = PBXGroup;
			children = (
				EEA929711ECE024700C8A9B0 /* OrderedViewsRespondToReturnKey.swift */,
			);
			path = Keyboard;
			sourceTree = "<group>";
		};
		EEA929721ECE024700C8A9B0 /* MustImport */ = {
			isa = PBXGroup;
			children = (
				EEA929731ECE024700C8A9B0 /* Default.swift */,
				EEA929741ECE024700C8A9B0 /* Error_.swift */,
			);
			path = MustImport;
			sourceTree = "<group>";
		};
		EEA929751ECE024700C8A9B0 /* Random */ = {
			isa = PBXGroup;
			children = (
				EEA929791ECE024700C8A9B0 /* MustImport */,
				EEA929761ECE024700C8A9B0 /* Basic+Random.swift */,
				EEA929771ECE024700C8A9B0 /* CG+Random.swift */,
				EEA929781ECE024700C8A9B0 /* MKMapView+Random.swift */,
				EEA9297C1ECE024700C8A9B0 /* UIColor+Random.swift */,
			);
			path = Random;
			sourceTree = "<group>";
		};
		EEA929791ECE024700C8A9B0 /* MustImport */ = {
			isa = PBXGroup;
			children = (
				EEA9297A1ECE024700C8A9B0 /* Default+Random.swift */,
				EEA9297B1ECE024700C8A9B0 /* Error_+Random.swift */,
			);
			path = MustImport;
			sourceTree = "<group>";
		};
		EEA9297D1ECE024700C8A9B0 /* UIView */ = {
			isa = PBXGroup;
			children = (
				EEA9297E1ECE024700C8A9B0 /* UIView+Fadeable.swift */,
				EEE21F1C1ED00A73007399A0 /* UIView+StackView.swift */,
			);
			path = UIView;
			sourceTree = "<group>";
		};
		EEB0C7981EE291660072773F /* Fonts */ = {
			isa = PBXGroup;
			children = (
				EEB0C7991EE291660072773F /* Roboto-Medium.ttf */,
			);
			path = Fonts;
			sourceTree = "<group>";
		};
		EEB0C79B1EE30C660072773F /* GoogleSignIn */ = {
			isa = PBXGroup;
			children = (
				EEB0C79C1EE30CFC0072773F /* GIDSignInDelegate+Configure.swift */,
			);
			path = GoogleSignIn;
			sourceTree = "<group>";
		};
		EEEF86F81ED4B7AF004BB0D9 /* API */ = {
			isa = PBXGroup;
			children = (
				EE8AED641ED3E84800125126 /* SimpleAPI.swift */,
				EEB0C79B1EE30C660072773F /* GoogleSignIn */,
				EE7086771EE46CA000C851B0 /* Facebook */,
				EEEF86FA1ED4B800004BB0D9 /* Udacity */,
			);
			path = API;
			sourceTree = "<group>";
		};
		EEEF86FA1ED4B800004BB0D9 /* Udacity */ = {
			isa = PBXGroup;
			children = (
				EEEF87051EDD3311004BB0D9 /* Default+Udacity.swift */,
				EEEF87071EDD3327004BB0D9 /* Error_+Udacity.swift */,
				EEEF86FD1ED4B87F004BB0D9 /* Udacity.swift */,
			);
			path = Udacity;
			sourceTree = "<group>";
		};
		EEF4DA421ED2AB0700DE0988 /* Networking */ = {
			isa = PBXGroup;
			children = (
				EEF4DA431ED2AB0700DE0988 /* Network.swift */,
			);
			path = Networking;
			sourceTree = "<group>";
		};
/* End PBXGroup section */

/* Begin PBXNativeTarget section */
		EE0CFB7E1E08F0B000E0120F /* OnTheMapUITests */ = {
			isa = PBXNativeTarget;
			buildConfigurationList = EE0CFB881E08F0B000E0120F /* Build configuration list for PBXNativeTarget "OnTheMapUITests" */;
			buildPhases = (
				8A75BECCB141064FB83D56AE /* [CP] Check Pods Manifest.lock */,
				EE0CFB7B1E08F0B000E0120F /* Sources */,
				EE0CFB7C1E08F0B000E0120F /* Frameworks */,
				EE0CFB7D1E08F0B000E0120F /* Resources */,
				CD29AF586F3BFC1FC77F056F /* [CP] Embed Pods Frameworks */,
				D2B1FC28862B4CD8F7658366 /* [CP] Copy Pods Resources */,
			);
			buildRules = (
			);
			dependencies = (
				EE0CFB851E08F0B000E0120F /* PBXTargetDependency */,
			);
			name = OnTheMapUITests;
			productName = OnTheMapUITests;
			productReference = EE0CFB7F1E08F0B000E0120F /* OnTheMapUITests.xctest */;
			productType = "com.apple.product-type.bundle.ui-testing";
		};
		EE0CFB8C1E08F0B700E0120F /* OnTheMapTests */ = {
			isa = PBXNativeTarget;
			buildConfigurationList = EE0CFB941E08F0B700E0120F /* Build configuration list for PBXNativeTarget "OnTheMapTests" */;
			buildPhases = (
				6AC31533A661C92B4E9A2326 /* [CP] Check Pods Manifest.lock */,
				EE0CFB891E08F0B700E0120F /* Sources */,
				EE0CFB8A1E08F0B700E0120F /* Frameworks */,
				EE0CFB8B1E08F0B700E0120F /* Resources */,
				DF87EA7169941D20E53893FE /* [CP] Embed Pods Frameworks */,
				02562965271A1E9BD0FAFAB7 /* [CP] Copy Pods Resources */,
			);
			buildRules = (
			);
			dependencies = (
				EE0CFB931E08F0B700E0120F /* PBXTargetDependency */,
			);
			name = OnTheMapTests;
			productName = OnTheMapTests;
			productReference = EE0CFB8D1E08F0B700E0120F /* OnTheMapTests.xctest */;
			productType = "com.apple.product-type.bundle.unit-test";
		};
		EE204F9A1DF6E05400D855BA /* OnTheMap */ = {
			isa = PBXNativeTarget;
			buildConfigurationList = EE204FC31DF6E05500D855BA /* Build configuration list for PBXNativeTarget "OnTheMap" */;
			buildPhases = (
				189DF15A8FC1C32D58F05BD9 /* [CP] Check Pods Manifest.lock */,
				EE204F971DF6E05400D855BA /* Sources */,
				EE204F981DF6E05400D855BA /* Frameworks */,
				EE204F991DF6E05400D855BA /* Resources */,
				EEB827671E0293BD00880D62 /* Embed Frameworks */,
				55777E4BC6AA7A0DD603F08E /* [CP] Embed Pods Frameworks */,
				65D950B386AB904586E48C1A /* [CP] Copy Pods Resources */,
			);
			buildRules = (
			);
			dependencies = (
			);
			name = OnTheMap;
			productName = OnTheMap;
			productReference = EE204F9B1DF6E05400D855BA /* OnTheMap.app */;
			productType = "com.apple.product-type.application";
		};
/* End PBXNativeTarget section */

/* Begin PBXProject section */
		EE204F931DF6E05400D855BA /* Project object */ = {
			isa = PBXProject;
			attributes = {
				LastSwiftUpdateCheck = 0820;
				LastUpgradeCheck = 0820;
				ORGANIZATIONNAME = "Shobhit Gupta";
				TargetAttributes = {
					EE0CFB7E1E08F0B000E0120F = {
						CreatedOnToolsVersion = 8.2;
						DevelopmentTeam = AR27PDZ76S;
						ProvisioningStyle = Automatic;
						TestTargetID = EE204F9A1DF6E05400D855BA;
					};
					EE0CFB8C1E08F0B700E0120F = {
						CreatedOnToolsVersion = 8.2;
						DevelopmentTeam = AR27PDZ76S;
						ProvisioningStyle = Automatic;
						TestTargetID = EE204F9A1DF6E05400D855BA;
					};
					EE204F9A1DF6E05400D855BA = {
						CreatedOnToolsVersion = 8.1;
						DevelopmentTeam = AR27PDZ76S;
						LastSwiftMigration = 0810;
						ProvisioningStyle = Automatic;
					};
				};
			};
			buildConfigurationList = EE204F961DF6E05400D855BA /* Build configuration list for PBXProject "OnTheMap" */;
			compatibilityVersion = "Xcode 3.2";
			developmentRegion = English;
			hasScannedForEncodings = 0;
			knownRegions = (
				en,
				Base,
			);
			mainGroup = EE204F921DF6E05400D855BA;
			productRefGroup = EE204F9C1DF6E05400D855BA /* Products */;
			projectDirPath = "";
			projectRoot = "";
			targets = (
				EE204F9A1DF6E05400D855BA /* OnTheMap */,
				EE0CFB7E1E08F0B000E0120F /* OnTheMapUITests */,
				EE0CFB8C1E08F0B700E0120F /* OnTheMapTests */,
			);
		};
/* End PBXProject section */

/* Begin PBXResourcesBuildPhase section */
		EE0CFB7D1E08F0B000E0120F /* Resources */ = {
			isa = PBXResourcesBuildPhase;
			buildActionMask = 2147483647;
			files = (
			);
			runOnlyForDeploymentPostprocessing = 0;
		};
		EE0CFB8B1E08F0B700E0120F /* Resources */ = {
			isa = PBXResourcesBuildPhase;
			buildActionMask = 2147483647;
			files = (
			);
			runOnlyForDeploymentPostprocessing = 0;
		};
		EE204F991DF6E05400D855BA /* Resources */ = {
			isa = PBXResourcesBuildPhase;
			buildActionMask = 2147483647;
			files = (
				EEB0C79A1EE291660072773F /* Roboto-Medium.ttf in Resources */,
				EE204FA91DF6E05400D855BA /* LaunchScreen.storyboard in Resources */,
				EEB0C7971EE246470072773F /* GoogleService-Info.plist in Resources */,
				EE204FA61DF6E05400D855BA /* Assets.xcassets in Resources */,
				EE204FA41DF6E05400D855BA /* Main.storyboard in Resources */,
			);
			runOnlyForDeploymentPostprocessing = 0;
		};
/* End PBXResourcesBuildPhase section */

/* Begin PBXShellScriptBuildPhase section */
		02562965271A1E9BD0FAFAB7 /* [CP] Copy Pods Resources */ = {
			isa = PBXShellScriptBuildPhase;
			buildActionMask = 2147483647;
			files = (
			);
			inputPaths = (
			);
			name = "[CP] Copy Pods Resources";
			outputPaths = (
			);
			runOnlyForDeploymentPostprocessing = 0;
			shellPath = /bin/sh;
			shellScript = "\"${SRCROOT}/Pods/Target Support Files/Pods-OnTheMapTests/Pods-OnTheMapTests-resources.sh\"\n";
			showEnvVarsInLog = 0;
		};
		189DF15A8FC1C32D58F05BD9 /* [CP] Check Pods Manifest.lock */ = {
			isa = PBXShellScriptBuildPhase;
			buildActionMask = 2147483647;
			files = (
			);
			inputPaths = (
			);
			name = "[CP] Check Pods Manifest.lock";
			outputPaths = (
			);
			runOnlyForDeploymentPostprocessing = 0;
			shellPath = /bin/sh;
			shellScript = "diff \"${PODS_ROOT}/../Podfile.lock\" \"${PODS_ROOT}/Manifest.lock\" > /dev/null\nif [ $? != 0 ] ; then\n    # print error to STDERR\n    echo \"error: The sandbox is not in sync with the Podfile.lock. Run 'pod install' or update your CocoaPods installation.\" >&2\n    exit 1\nfi\n";
			showEnvVarsInLog = 0;
		};
		55777E4BC6AA7A0DD603F08E /* [CP] Embed Pods Frameworks */ = {
			isa = PBXShellScriptBuildPhase;
			buildActionMask = 2147483647;
			files = (
			);
			inputPaths = (
			);
			name = "[CP] Embed Pods Frameworks";
			outputPaths = (
			);
			runOnlyForDeploymentPostprocessing = 0;
			shellPath = /bin/sh;
			shellScript = "\"${SRCROOT}/Pods/Target Support Files/Pods-OnTheMap/Pods-OnTheMap-frameworks.sh\"\n";
			showEnvVarsInLog = 0;
		};
		65D950B386AB904586E48C1A /* [CP] Copy Pods Resources */ = {
			isa = PBXShellScriptBuildPhase;
			buildActionMask = 2147483647;
			files = (
			);
			inputPaths = (
			);
			name = "[CP] Copy Pods Resources";
			outputPaths = (
			);
			runOnlyForDeploymentPostprocessing = 0;
			shellPath = /bin/sh;
			shellScript = "\"${SRCROOT}/Pods/Target Support Files/Pods-OnTheMap/Pods-OnTheMap-resources.sh\"\n";
			showEnvVarsInLog = 0;
		};
		6AC31533A661C92B4E9A2326 /* [CP] Check Pods Manifest.lock */ = {
			isa = PBXShellScriptBuildPhase;
			buildActionMask = 2147483647;
			files = (
			);
			inputPaths = (
			);
			name = "[CP] Check Pods Manifest.lock";
			outputPaths = (
			);
			runOnlyForDeploymentPostprocessing = 0;
			shellPath = /bin/sh;
			shellScript = "diff \"${PODS_ROOT}/../Podfile.lock\" \"${PODS_ROOT}/Manifest.lock\" > /dev/null\nif [ $? != 0 ] ; then\n    # print error to STDERR\n    echo \"error: The sandbox is not in sync with the Podfile.lock. Run 'pod install' or update your CocoaPods installation.\" >&2\n    exit 1\nfi\n";
			showEnvVarsInLog = 0;
		};
		8A75BECCB141064FB83D56AE /* [CP] Check Pods Manifest.lock */ = {
			isa = PBXShellScriptBuildPhase;
			buildActionMask = 2147483647;
			files = (
			);
			inputPaths = (
			);
			name = "[CP] Check Pods Manifest.lock";
			outputPaths = (
			);
			runOnlyForDeploymentPostprocessing = 0;
			shellPath = /bin/sh;
			shellScript = "diff \"${PODS_ROOT}/../Podfile.lock\" \"${PODS_ROOT}/Manifest.lock\" > /dev/null\nif [ $? != 0 ] ; then\n    # print error to STDERR\n    echo \"error: The sandbox is not in sync with the Podfile.lock. Run 'pod install' or update your CocoaPods installation.\" >&2\n    exit 1\nfi\n";
			showEnvVarsInLog = 0;
		};
		CD29AF586F3BFC1FC77F056F /* [CP] Embed Pods Frameworks */ = {
			isa = PBXShellScriptBuildPhase;
			buildActionMask = 2147483647;
			files = (
			);
			inputPaths = (
			);
			name = "[CP] Embed Pods Frameworks";
			outputPaths = (
			);
			runOnlyForDeploymentPostprocessing = 0;
			shellPath = /bin/sh;
			shellScript = "\"${SRCROOT}/Pods/Target Support Files/Pods-OnTheMapUITests/Pods-OnTheMapUITests-frameworks.sh\"\n";
			showEnvVarsInLog = 0;
		};
		D2B1FC28862B4CD8F7658366 /* [CP] Copy Pods Resources */ = {
			isa = PBXShellScriptBuildPhase;
			buildActionMask = 2147483647;
			files = (
			);
			inputPaths = (
			);
			name = "[CP] Copy Pods Resources";
			outputPaths = (
			);
			runOnlyForDeploymentPostprocessing = 0;
			shellPath = /bin/sh;
			shellScript = "\"${SRCROOT}/Pods/Target Support Files/Pods-OnTheMapUITests/Pods-OnTheMapUITests-resources.sh\"\n";
			showEnvVarsInLog = 0;
		};
		DF87EA7169941D20E53893FE /* [CP] Embed Pods Frameworks */ = {
			isa = PBXShellScriptBuildPhase;
			buildActionMask = 2147483647;
			files = (
			);
			inputPaths = (
			);
			name = "[CP] Embed Pods Frameworks";
			outputPaths = (
			);
			runOnlyForDeploymentPostprocessing = 0;
			shellPath = /bin/sh;
			shellScript = "\"${SRCROOT}/Pods/Target Support Files/Pods-OnTheMapTests/Pods-OnTheMapTests-frameworks.sh\"\n";
			showEnvVarsInLog = 0;
		};
/* End PBXShellScriptBuildPhase section */

/* Begin PBXSourcesBuildPhase section */
		EE0CFB7B1E08F0B000E0120F /* Sources */ = {
			isa = PBXSourcesBuildPhase;
			buildActionMask = 2147483647;
			files = (
				EE0CFB821E08F0B000E0120F /* OnTheMapUITests.swift in Sources */,
			);
			runOnlyForDeploymentPostprocessing = 0;
		};
		EE0CFB891E08F0B700E0120F /* Sources */ = {
			isa = PBXSourcesBuildPhase;
			buildActionMask = 2147483647;
			files = (
				EE0CFB901E08F0B700E0120F /* OnTheMapTests.swift in Sources */,
			);
			runOnlyForDeploymentPostprocessing = 0;
		};
		EE204F971DF6E05400D855BA /* Sources */ = {
			isa = PBXSourcesBuildPhase;
			buildActionMask = 2147483647;
			files = (
				EEB0C79D1EE30CFC0072773F /* GIDSignInDelegate+Configure.swift in Sources */,
				EEA9298D1ECE024700C8A9B0 /* Default.swift in Sources */,
				EEA9298E1ECE024700C8A9B0 /* Error_.swift in Sources */,
				EEEE9DB61EE07C86000D49C9 /* Default+Artkit.swift in Sources */,
				EEA929921ECE024700C8A9B0 /* Default+Random.swift in Sources */,
				EEA929931ECE024700C8A9B0 /* Error_+Random.swift in Sources */,
				EEEF87061EDD3311004BB0D9 /* Default+Udacity.swift in Sources */,
				EEEF87081EDD3327004BB0D9 /* Error_+Udacity.swift in Sources */,
				EEA929891ECE024700C8A9B0 /* String+Ease.swift in Sources */,
				EEE21F1B1ECF8446007399A0 /* BusyView.swift in Sources */,
				EEE21F191ECF1335007399A0 /* Default+App.swift in Sources */,
				EEEE9DAE1EDDBED2000D49C9 /* Error_+App.swift in Sources */,
				EEEF87001ED92E74004BB0D9 /* URLRequest+Ease.swift in Sources */,
				EEEF86FE1ED4B87F004BB0D9 /* Udacity.swift in Sources */,
				EEF4DA441ED2AB0700DE0988 /* Network.swift in Sources */,
				EEA9298B1ECE024700C8A9B0 /* UIColor+Ease.swift in Sources */,
				EE17322D1DFADA4700978508 /* OTMMapViewAnnotation.swift in Sources */,
				EE7086791EE46D1500C851B0 /* Facebook.swift in Sources */,
				EEEF87041EDBE929004BB0D9 /* Dictionary+Ease.swift in Sources */,
				EEA9298F1ECE024700C8A9B0 /* Basic+Random.swift in Sources */,
				EEA929871ECE024700C8A9B0 /* Array+Ease.swift in Sources */,
				EEA929811ECE024700C8A9B0 /* CustomActivityIndicatorView.swift in Sources */,
				EE209F031DFEC77B00C82F5C /* InformationPostingViewController.swift in Sources */,
				EE1731D11DF832B500978508 /* MapViewController.swift in Sources */,
				EEA929831ECE024700C8A9B0 /* TextField.swift in Sources */,
				EEA929861ECE024700C8A9B0 /* MutableArrayTableViewDataSource.swift in Sources */,
				EEA929881ECE024700C8A9B0 /* CALayer+Ease.swift in Sources */,
				EE1731E41DF92A4100978508 /* OTMNavigationItemDelegate.swift in Sources */,
				EEEE9DB01EDE7DDE000D49C9 /* TabBarController.swift in Sources */,
				EEA9298C1ECE024700C8A9B0 /* OrderedViewsRespondToReturnKey.swift in Sources */,
				EEA929841ECE024700C8A9B0 /* ArrayDataSourceController.swift in Sources */,
				EE204FA11DF6E05400D855BA /* LoginViewController.swift in Sources */,
				EEEE9DB51EE07C86000D49C9 /* ArtKit+Appearance.swift in Sources */,
				EEA929851ECE024700C8A9B0 /* ArrayTableViewDataSource.swift in Sources */,
				EE1731DC1DF868AA00978508 /* OTMNavigationItem.swift in Sources */,
				EE78012F1ECC59A0008F0724 /* ArtKit.swift in Sources */,
				EEA929941ECE024700C8A9B0 /* UIColor+Random.swift in Sources */,
				EEA929821ECE024700C8A9B0 /* Overlay.swift in Sources */,
				EE1731C91DF7D28000978508 /* UIStackView+Separator.m in Sources */,
				EEA929911ECE024700C8A9B0 /* MKMapView+Random.swift in Sources */,
				EEE21F1D1ED00A73007399A0 /* UIView+StackView.swift in Sources */,
				EEA929901ECE024700C8A9B0 /* CG+Random.swift in Sources */,
				EE1731E61DF92E4400978508 /* OTMNavigationItemController.swift in Sources */,
				EEEE9DAC1EDDA84C000D49C9 /* OTMModel.swift in Sources */,
				EEA9298A1ECE024700C8A9B0 /* UIBarButtonItem+Ease.swift in Sources */,
				EE1732261DFA78DF00978508 /* OTMNavigationItemControllerProtocol.swift in Sources */,
				EEA929951ECE024700C8A9B0 /* UIView+Fadeable.swift in Sources */,
				EE204F9F1DF6E05400D855BA /* AppDelegate.swift in Sources */,
				EE8AED651ED3E84800125126 /* SimpleAPI.swift in Sources */,
				EE1731D31DF832CD00978508 /* ListViewController.swift in Sources */,
			);
			runOnlyForDeploymentPostprocessing = 0;
		};
/* End PBXSourcesBuildPhase section */

/* Begin PBXTargetDependency section */
		EE0CFB851E08F0B000E0120F /* PBXTargetDependency */ = {
			isa = PBXTargetDependency;
			target = EE204F9A1DF6E05400D855BA /* OnTheMap */;
			targetProxy = EE0CFB841E08F0B000E0120F /* PBXContainerItemProxy */;
		};
		EE0CFB931E08F0B700E0120F /* PBXTargetDependency */ = {
			isa = PBXTargetDependency;
			target = EE204F9A1DF6E05400D855BA /* OnTheMap */;
			targetProxy = EE0CFB921E08F0B700E0120F /* PBXContainerItemProxy */;
		};
/* End PBXTargetDependency section */

/* Begin PBXVariantGroup section */
		EE204FA21DF6E05400D855BA /* Main.storyboard */ = {
			isa = PBXVariantGroup;
			children = (
				EE204FA31DF6E05400D855BA /* Base */,
			);
			name = Main.storyboard;
			sourceTree = "<group>";
		};
		EE204FA71DF6E05400D855BA /* LaunchScreen.storyboard */ = {
			isa = PBXVariantGroup;
			children = (
				EE204FA81DF6E05400D855BA /* Base */,
			);
			name = LaunchScreen.storyboard;
			sourceTree = "<group>";
		};
/* End PBXVariantGroup section */

/* Begin XCBuildConfiguration section */
		EE0CFB861E08F0B000E0120F /* Debug */ = {
			isa = XCBuildConfiguration;
			baseConfigurationReference = 14C15C0DC38341D924040470 /* Pods-OnTheMapUITests.debug.xcconfig */;
			buildSettings = {
				DEVELOPMENT_TEAM = AR27PDZ76S;
				INFOPLIST_FILE = OnTheMapUITests/Info.plist;
				IPHONEOS_DEPLOYMENT_TARGET = 10.2;
				LD_RUNPATH_SEARCH_PATHS = "$(inherited) @executable_path/Frameworks @loader_path/Frameworks";
				PRODUCT_BUNDLE_IDENTIFIER = com.from101.OnTheMapUITests;
				PRODUCT_NAME = "$(TARGET_NAME)";
				SWIFT_VERSION = 3.0;
				TEST_TARGET_NAME = OnTheMap;
			};
			name = Debug;
		};
		EE0CFB871E08F0B000E0120F /* Release */ = {
			isa = XCBuildConfiguration;
			baseConfigurationReference = FCEC7E8930B36FE978D0949C /* Pods-OnTheMapUITests.release.xcconfig */;
			buildSettings = {
				DEVELOPMENT_TEAM = AR27PDZ76S;
				INFOPLIST_FILE = OnTheMapUITests/Info.plist;
				IPHONEOS_DEPLOYMENT_TARGET = 10.2;
				LD_RUNPATH_SEARCH_PATHS = "$(inherited) @executable_path/Frameworks @loader_path/Frameworks";
				PRODUCT_BUNDLE_IDENTIFIER = com.from101.OnTheMapUITests;
				PRODUCT_NAME = "$(TARGET_NAME)";
				SWIFT_VERSION = 3.0;
				TEST_TARGET_NAME = OnTheMap;
			};
			name = Release;
		};
		EE0CFB951E08F0B700E0120F /* Debug */ = {
			isa = XCBuildConfiguration;
			baseConfigurationReference = BD89FE043AFA873B29FF7741 /* Pods-OnTheMapTests.debug.xcconfig */;
			buildSettings = {
				BUNDLE_LOADER = "$(TEST_HOST)";
				DEVELOPMENT_TEAM = AR27PDZ76S;
				INFOPLIST_FILE = OnTheMapTests/Info.plist;
				IPHONEOS_DEPLOYMENT_TARGET = 10.2;
				LD_RUNPATH_SEARCH_PATHS = "$(inherited) @executable_path/Frameworks @loader_path/Frameworks";
				PRODUCT_BUNDLE_IDENTIFIER = com.from101.OnTheMapTests;
				PRODUCT_NAME = "$(TARGET_NAME)";
				SWIFT_VERSION = 3.0;
				TEST_HOST = "$(BUILT_PRODUCTS_DIR)/OnTheMap.app/OnTheMap";
			};
			name = Debug;
		};
		EE0CFB961E08F0B700E0120F /* Release */ = {
			isa = XCBuildConfiguration;
			baseConfigurationReference = A8F03E05C9CA8A22A1A3C539 /* Pods-OnTheMapTests.release.xcconfig */;
			buildSettings = {
				BUNDLE_LOADER = "$(TEST_HOST)";
				DEVELOPMENT_TEAM = AR27PDZ76S;
				INFOPLIST_FILE = OnTheMapTests/Info.plist;
				IPHONEOS_DEPLOYMENT_TARGET = 10.2;
				LD_RUNPATH_SEARCH_PATHS = "$(inherited) @executable_path/Frameworks @loader_path/Frameworks";
				PRODUCT_BUNDLE_IDENTIFIER = com.from101.OnTheMapTests;
				PRODUCT_NAME = "$(TARGET_NAME)";
				SWIFT_VERSION = 3.0;
				TEST_HOST = "$(BUILT_PRODUCTS_DIR)/OnTheMap.app/OnTheMap";
			};
			name = Release;
		};
		EE204FC11DF6E05500D855BA /* Debug */ = {
			isa = XCBuildConfiguration;
			buildSettings = {
				ALWAYS_SEARCH_USER_PATHS = NO;
				CLANG_ANALYZER_NONNULL = YES;
				CLANG_CXX_LANGUAGE_STANDARD = "gnu++0x";
				CLANG_CXX_LIBRARY = "libc++";
				CLANG_ENABLE_MODULES = YES;
				CLANG_ENABLE_OBJC_ARC = YES;
				CLANG_WARN_BOOL_CONVERSION = YES;
				CLANG_WARN_CONSTANT_CONVERSION = YES;
				CLANG_WARN_DIRECT_OBJC_ISA_USAGE = YES_ERROR;
				CLANG_WARN_DOCUMENTATION_COMMENTS = YES;
				CLANG_WARN_EMPTY_BODY = YES;
				CLANG_WARN_ENUM_CONVERSION = YES;
				CLANG_WARN_INFINITE_RECURSION = YES;
				CLANG_WARN_INT_CONVERSION = YES;
				CLANG_WARN_OBJC_ROOT_CLASS = YES_ERROR;
				CLANG_WARN_SUSPICIOUS_MOVE = YES;
				CLANG_WARN_SUSPICIOUS_MOVES = YES;
				CLANG_WARN_UNREACHABLE_CODE = YES;
				CLANG_WARN__DUPLICATE_METHOD_MATCH = YES;
				"CODE_SIGN_IDENTITY[sdk=iphoneos*]" = "iPhone Developer";
				COPY_PHASE_STRIP = NO;
				DEBUG_INFORMATION_FORMAT = dwarf;
				ENABLE_STRICT_OBJC_MSGSEND = YES;
				ENABLE_TESTABILITY = YES;
				GCC_C_LANGUAGE_STANDARD = gnu99;
				GCC_DYNAMIC_NO_PIC = NO;
				GCC_NO_COMMON_BLOCKS = YES;
				GCC_OPTIMIZATION_LEVEL = 0;
				GCC_PREPROCESSOR_DEFINITIONS = (
					"DEBUG=1",
					"$(inherited)",
				);
				GCC_WARN_64_TO_32_BIT_CONVERSION = YES;
				GCC_WARN_ABOUT_RETURN_TYPE = YES_ERROR;
				GCC_WARN_UNDECLARED_SELECTOR = YES;
				GCC_WARN_UNINITIALIZED_AUTOS = YES_AGGRESSIVE;
				GCC_WARN_UNUSED_FUNCTION = YES;
				GCC_WARN_UNUSED_VARIABLE = YES;
				IPHONEOS_DEPLOYMENT_TARGET = 10.1;
				MTL_ENABLE_DEBUG_INFO = YES;
				ONLY_ACTIVE_ARCH = YES;
				SDKROOT = iphoneos;
				SWIFT_ACTIVE_COMPILATION_CONDITIONS = DEBUG;
				SWIFT_OPTIMIZATION_LEVEL = "-Onone";
				TARGETED_DEVICE_FAMILY = "1,2";
			};
			name = Debug;
		};
		EE204FC21DF6E05500D855BA /* Release */ = {
			isa = XCBuildConfiguration;
			buildSettings = {
				ALWAYS_SEARCH_USER_PATHS = NO;
				CLANG_ANALYZER_NONNULL = YES;
				CLANG_CXX_LANGUAGE_STANDARD = "gnu++0x";
				CLANG_CXX_LIBRARY = "libc++";
				CLANG_ENABLE_MODULES = YES;
				CLANG_ENABLE_OBJC_ARC = YES;
				CLANG_WARN_BOOL_CONVERSION = YES;
				CLANG_WARN_CONSTANT_CONVERSION = YES;
				CLANG_WARN_DIRECT_OBJC_ISA_USAGE = YES_ERROR;
				CLANG_WARN_DOCUMENTATION_COMMENTS = YES;
				CLANG_WARN_EMPTY_BODY = YES;
				CLANG_WARN_ENUM_CONVERSION = YES;
				CLANG_WARN_INFINITE_RECURSION = YES;
				CLANG_WARN_INT_CONVERSION = YES;
				CLANG_WARN_OBJC_ROOT_CLASS = YES_ERROR;
				CLANG_WARN_SUSPICIOUS_MOVE = YES;
				CLANG_WARN_SUSPICIOUS_MOVES = YES;
				CLANG_WARN_UNREACHABLE_CODE = YES;
				CLANG_WARN__DUPLICATE_METHOD_MATCH = YES;
				"CODE_SIGN_IDENTITY[sdk=iphoneos*]" = "iPhone Developer";
				COPY_PHASE_STRIP = NO;
				DEBUG_INFORMATION_FORMAT = "dwarf-with-dsym";
				ENABLE_NS_ASSERTIONS = NO;
				ENABLE_STRICT_OBJC_MSGSEND = YES;
				GCC_C_LANGUAGE_STANDARD = gnu99;
				GCC_NO_COMMON_BLOCKS = YES;
				GCC_WARN_64_TO_32_BIT_CONVERSION = YES;
				GCC_WARN_ABOUT_RETURN_TYPE = YES_ERROR;
				GCC_WARN_UNDECLARED_SELECTOR = YES;
				GCC_WARN_UNINITIALIZED_AUTOS = YES_AGGRESSIVE;
				GCC_WARN_UNUSED_FUNCTION = YES;
				GCC_WARN_UNUSED_VARIABLE = YES;
				IPHONEOS_DEPLOYMENT_TARGET = 10.1;
				MTL_ENABLE_DEBUG_INFO = NO;
				SDKROOT = iphoneos;
				SWIFT_OPTIMIZATION_LEVEL = "-Owholemodule";
				TARGETED_DEVICE_FAMILY = "1,2";
				VALIDATE_PRODUCT = YES;
			};
			name = Release;
		};
		EE204FC41DF6E05500D855BA /* Debug */ = {
			isa = XCBuildConfiguration;
			baseConfigurationReference = CF443D6B4459D5465363C823 /* Pods-OnTheMap.debug.xcconfig */;
			buildSettings = {
				ALWAYS_EMBED_SWIFT_STANDARD_LIBRARIES = "$(inherited)";
				ASSETCATALOG_COMPILER_APPICON_NAME = AppIcon;
				CLANG_ENABLE_MODULES = YES;
				DEVELOPMENT_TEAM = AR27PDZ76S;
				INFOPLIST_FILE = OnTheMap/Info.plist;
				LD_RUNPATH_SEARCH_PATHS = "$(inherited) @executable_path/Frameworks";
				PRODUCT_BUNDLE_IDENTIFIER = com.from101.OnTheMap;
				PRODUCT_NAME = "$(TARGET_NAME)";
				SWIFT_OBJC_BRIDGING_HEADER = "OnTheMap/OnTheMap-Bridging-Header.h";
				SWIFT_OPTIMIZATION_LEVEL = "-Onone";
				SWIFT_VERSION = 3.0;
			};
			name = Debug;
		};
		EE204FC51DF6E05500D855BA /* Release */ = {
			isa = XCBuildConfiguration;
			baseConfigurationReference = 4CB2A1F5F84B8421B030F96A /* Pods-OnTheMap.release.xcconfig */;
			buildSettings = {
				ALWAYS_EMBED_SWIFT_STANDARD_LIBRARIES = "$(inherited)";
				ASSETCATALOG_COMPILER_APPICON_NAME = AppIcon;
				CLANG_ENABLE_MODULES = YES;
				DEVELOPMENT_TEAM = AR27PDZ76S;
				INFOPLIST_FILE = OnTheMap/Info.plist;
				LD_RUNPATH_SEARCH_PATHS = "$(inherited) @executable_path/Frameworks";
				PRODUCT_BUNDLE_IDENTIFIER = com.from101.OnTheMap;
				PRODUCT_NAME = "$(TARGET_NAME)";
				SWIFT_OBJC_BRIDGING_HEADER = "OnTheMap/OnTheMap-Bridging-Header.h";
				SWIFT_VERSION = 3.0;
			};
			name = Release;
		};
/* End XCBuildConfiguration section */

/* Begin XCConfigurationList section */
		EE0CFB881E08F0B000E0120F /* Build configuration list for PBXNativeTarget "OnTheMapUITests" */ = {
			isa = XCConfigurationList;
			buildConfigurations = (
				EE0CFB861E08F0B000E0120F /* Debug */,
				EE0CFB871E08F0B000E0120F /* Release */,
			);
			defaultConfigurationIsVisible = 0;
			defaultConfigurationName = Release;
		};
		EE0CFB941E08F0B700E0120F /* Build configuration list for PBXNativeTarget "OnTheMapTests" */ = {
			isa = XCConfigurationList;
			buildConfigurations = (
				EE0CFB951E08F0B700E0120F /* Debug */,
				EE0CFB961E08F0B700E0120F /* Release */,
			);
			defaultConfigurationIsVisible = 0;
			defaultConfigurationName = Release;
		};
		EE204F961DF6E05400D855BA /* Build configuration list for PBXProject "OnTheMap" */ = {
			isa = XCConfigurationList;
			buildConfigurations = (
				EE204FC11DF6E05500D855BA /* Debug */,
				EE204FC21DF6E05500D855BA /* Release */,
			);
			defaultConfigurationIsVisible = 0;
			defaultConfigurationName = Release;
		};
		EE204FC31DF6E05500D855BA /* Build configuration list for PBXNativeTarget "OnTheMap" */ = {
			isa = XCConfigurationList;
			buildConfigurations = (
				EE204FC41DF6E05500D855BA /* Debug */,
				EE204FC51DF6E05500D855BA /* Release */,
			);
			defaultConfigurationIsVisible = 0;
			defaultConfigurationName = Release;
		};
/* End XCConfigurationList section */
	};
	rootObject = EE204F931DF6E05400D855BA /* Project object */;
}
